// !$*UTF8*$!
{
	archiveVersion = 1;
	classes = {
	};
	objectVersion = 46;
	objects = {

/* Begin PBXBuildFile section */
		7D24A59D1D9A58DA0057B2FC /* AppDelegate.swift in Sources */ = {isa = PBXBuildFile; fileRef = 7D24A59C1D9A58DA0057B2FC /* AppDelegate.swift */; };
		7D24A59F1D9A58DA0057B2FC /* WVViewController.swift in Sources */ = {isa = PBXBuildFile; fileRef = 7D24A59E1D9A58DA0057B2FC /* WVViewController.swift */; };
		7D24A5A21D9A58DA0057B2FC /* Main.storyboard in Resources */ = {isa = PBXBuildFile; fileRef = 7D24A5A01D9A58DA0057B2FC /* Main.storyboard */; };
		7D24A5A41D9A58DA0057B2FC /* Assets.xcassets in Resources */ = {isa = PBXBuildFile; fileRef = 7D24A5A31D9A58DA0057B2FC /* Assets.xcassets */; };
		7D24A5A71D9A58DA0057B2FC /* LaunchScreen.storyboard in Resources */ = {isa = PBXBuildFile; fileRef = 7D24A5A51D9A58DA0057B2FC /* LaunchScreen.storyboard */; };
		7D3178921D6BF468001F2AC0 /* AppDelegate.swift in Sources */ = {isa = PBXBuildFile; fileRef = 7D3178911D6BF468001F2AC0 /* AppDelegate.swift */; };
		7D3178941D6BF468001F2AC0 /* ViewController.swift in Sources */ = {isa = PBXBuildFile; fileRef = 7D3178931D6BF468001F2AC0 /* ViewController.swift */; };
		7D3178971D6BF468001F2AC0 /* Main.storyboard in Resources */ = {isa = PBXBuildFile; fileRef = 7D3178951D6BF468001F2AC0 /* Main.storyboard */; };
		7D3178991D6BF468001F2AC0 /* Assets.xcassets in Resources */ = {isa = PBXBuildFile; fileRef = 7D3178981D6BF468001F2AC0 /* Assets.xcassets */; };
		7D31789C1D6BF468001F2AC0 /* LaunchScreen.storyboard in Resources */ = {isa = PBXBuildFile; fileRef = 7D31789A1D6BF468001F2AC0 /* LaunchScreen.storyboard */; };
		7D3178A21D6BF512001F2AC0 /* README.md in Sources */ = {isa = PBXBuildFile; fileRef = 7D3178A11D6BF512001F2AC0 /* README.md */; };
		7D3287491D803E9600B1A4A8 /* wechat@2x.png in Resources */ = {isa = PBXBuildFile; fileRef = 7D3287471D803E9600B1A4A8 /* wechat@2x.png */; };
		7D32874A1D803E9600B1A4A8 /* wechat@3x.png in Resources */ = {isa = PBXBuildFile; fileRef = 7D3287481D803E9600B1A4A8 /* wechat@3x.png */; };
		7D4EE5841D7FBABE0076C67E /* AppDelegate.swift in Sources */ = {isa = PBXBuildFile; fileRef = 7D4EE5831D7FBABE0076C67E /* AppDelegate.swift */; };
		7D4EE5861D7FBABE0076C67E /* ViewController.swift in Sources */ = {isa = PBXBuildFile; fileRef = 7D4EE5851D7FBABE0076C67E /* ViewController.swift */; };
		7D4EE5891D7FBABE0076C67E /* Main.storyboard in Resources */ = {isa = PBXBuildFile; fileRef = 7D4EE5871D7FBABE0076C67E /* Main.storyboard */; };
		7D4EE58B1D7FBABE0076C67E /* Assets.xcassets in Resources */ = {isa = PBXBuildFile; fileRef = 7D4EE58A1D7FBABE0076C67E /* Assets.xcassets */; };
		7D4EE58E1D7FBABE0076C67E /* LaunchScreen.storyboard in Resources */ = {isa = PBXBuildFile; fileRef = 7D4EE58C1D7FBABE0076C67E /* LaunchScreen.storyboard */; };
		7D501FD61DAB3301002DF41B /* AppDelegate.swift in Sources */ = {isa = PBXBuildFile; fileRef = 7D501FD51DAB3301002DF41B /* AppDelegate.swift */; };
		7D501FD81DAB3301002DF41B /* FTViewController.swift in Sources */ = {isa = PBXBuildFile; fileRef = 7D501FD71DAB3301002DF41B /* FTViewController.swift */; };
		7D501FDB1DAB3301002DF41B /* Main.storyboard in Resources */ = {isa = PBXBuildFile; fileRef = 7D501FD91DAB3301002DF41B /* Main.storyboard */; };
		7D501FDD1DAB3301002DF41B /* Assets.xcassets in Resources */ = {isa = PBXBuildFile; fileRef = 7D501FDC1DAB3301002DF41B /* Assets.xcassets */; };
		7D501FE01DAB3301002DF41B /* LaunchScreen.storyboard in Resources */ = {isa = PBXBuildFile; fileRef = 7D501FDE1DAB3301002DF41B /* LaunchScreen.storyboard */; };
		7DAB313B1D9D09D200D99649 /* back@2x.png in Resources */ = {isa = PBXBuildFile; fileRef = 7DAB31331D9D09D200D99649 /* back@2x.png */; };
		7DAB313C1D9D09D200D99649 /* back@3x.png in Resources */ = {isa = PBXBuildFile; fileRef = 7DAB31341D9D09D200D99649 /* back@3x.png */; };
		7DAB313D1D9D09D200D99649 /* forward@2x.png in Resources */ = {isa = PBXBuildFile; fileRef = 7DAB31351D9D09D200D99649 /* forward@2x.png */; };
		7DAB313E1D9D09D200D99649 /* forward@3x.png in Resources */ = {isa = PBXBuildFile; fileRef = 7DAB31361D9D09D200D99649 /* forward@3x.png */; };
		7DAB313F1D9D09D200D99649 /* refresh@2x.png in Resources */ = {isa = PBXBuildFile; fileRef = 7DAB31371D9D09D200D99649 /* refresh@2x.png */; };
		7DAB31401D9D09D200D99649 /* refresh@3x.png in Resources */ = {isa = PBXBuildFile; fileRef = 7DAB31381D9D09D200D99649 /* refresh@3x.png */; };
		7DAB31411D9D09D200D99649 /* share@2x.png in Resources */ = {isa = PBXBuildFile; fileRef = 7DAB31391D9D09D200D99649 /* share@2x.png */; };
		7DAB31421D9D09D200D99649 /* share@3x.png in Resources */ = {isa = PBXBuildFile; fileRef = 7DAB313A1D9D09D200D99649 /* share@3x.png */; };
		7DC982991D8149F6000655B4 /* CollectionViewCell.swift in Sources */ = {isa = PBXBuildFile; fileRef = 7DC982981D8149F6000655B4 /* CollectionViewCell.swift */; };
		7DDC60CC1D65D86500AE30D2 /* AppDelegate.swift in Sources */ = {isa = PBXBuildFile; fileRef = 7DDC60CB1D65D86500AE30D2 /* AppDelegate.swift */; };
		7DDC60CE1D65D86500AE30D2 /* ViewController.swift in Sources */ = {isa = PBXBuildFile; fileRef = 7DDC60CD1D65D86500AE30D2 /* ViewController.swift */; };
		7DDC60D11D65D86500AE30D2 /* Main.storyboard in Resources */ = {isa = PBXBuildFile; fileRef = 7DDC60CF1D65D86500AE30D2 /* Main.storyboard */; };
		7DDC60D31D65D86500AE30D2 /* Assets.xcassets in Resources */ = {isa = PBXBuildFile; fileRef = 7DDC60D21D65D86500AE30D2 /* Assets.xcassets */; };
		7DDC60D61D65D86500AE30D2 /* LaunchScreen.storyboard in Resources */ = {isa = PBXBuildFile; fileRef = 7DDC60D41D65D86500AE30D2 /* LaunchScreen.storyboard */; };
/* End PBXBuildFile section */

/* Begin PBXFileReference section */
		7D24A59A1D9A58D90057B2FC /* WebView.app */ = {isa = PBXFileReference; explicitFileType = wrapper.application; includeInIndex = 0; path = WebView.app; sourceTree = BUILT_PRODUCTS_DIR; };
		7D24A59C1D9A58DA0057B2FC /* AppDelegate.swift */ = {isa = PBXFileReference; lastKnownFileType = sourcecode.swift; path = AppDelegate.swift; sourceTree = "<group>"; };
		7D24A59E1D9A58DA0057B2FC /* WVViewController.swift */ = {isa = PBXFileReference; lastKnownFileType = sourcecode.swift; path = WVViewController.swift; sourceTree = "<group>"; };
		7D24A5A11D9A58DA0057B2FC /* Base */ = {isa = PBXFileReference; lastKnownFileType = file.storyboard; name = Base; path = Base.lproj/Main.storyboard; sourceTree = "<group>"; };
		7D24A5A31D9A58DA0057B2FC /* Assets.xcassets */ = {isa = PBXFileReference; lastKnownFileType = folder.assetcatalog; path = Assets.xcassets; sourceTree = "<group>"; };
		7D24A5A61D9A58DA0057B2FC /* Base */ = {isa = PBXFileReference; lastKnownFileType = file.storyboard; name = Base; path = Base.lproj/LaunchScreen.storyboard; sourceTree = "<group>"; };
		7D24A5A81D9A58DA0057B2FC /* Info.plist */ = {isa = PBXFileReference; lastKnownFileType = text.plist.xml; path = Info.plist; sourceTree = "<group>"; };
		7D3178911D6BF468001F2AC0 /* AppDelegate.swift */ = {isa = PBXFileReference; lastKnownFileType = sourcecode.swift; path = AppDelegate.swift; sourceTree = "<group>"; };
		7D3178931D6BF468001F2AC0 /* ViewController.swift */ = {isa = PBXFileReference; lastKnownFileType = sourcecode.swift; path = ViewController.swift; sourceTree = "<group>"; };
		7D3178961D6BF468001F2AC0 /* Base */ = {isa = PBXFileReference; lastKnownFileType = file.storyboard; name = Base; path = Base.lproj/Main.storyboard; sourceTree = "<group>"; };
		7D3178981D6BF468001F2AC0 /* Assets.xcassets */ = {isa = PBXFileReference; lastKnownFileType = folder.assetcatalog; path = Assets.xcassets; sourceTree = "<group>"; };
		7D31789B1D6BF468001F2AC0 /* Base */ = {isa = PBXFileReference; lastKnownFileType = file.storyboard; name = Base; path = Base.lproj/LaunchScreen.storyboard; sourceTree = "<group>"; };
		7D31789D1D6BF468001F2AC0 /* Info.plist */ = {isa = PBXFileReference; lastKnownFileType = text.plist.xml; path = Info.plist; sourceTree = "<group>"; };
		7D3178A11D6BF512001F2AC0 /* README.md */ = {isa = PBXFileReference; fileEncoding = 4; lastKnownFileType = net.daringfireball.markdown; path = README.md; sourceTree = "<group>"; };
		7D3178A31D6C2103001F2AC0 /* Timer.app */ = {isa = PBXFileReference; explicitFileType = wrapper.application; includeInIndex = 0; path = Timer.app; sourceTree = BUILT_PRODUCTS_DIR; };
		7D3178A41D6C2103001F2AC0 /* DeviceAuth.app */ = {isa = PBXFileReference; explicitFileType = wrapper.application; includeInIndex = 0; path = DeviceAuth.app; sourceTree = BUILT_PRODUCTS_DIR; };
		7D3287471D803E9600B1A4A8 /* wechat@2x.png */ = {isa = PBXFileReference; lastKnownFileType = image.png; path = "wechat@2x.png"; sourceTree = "<group>"; };
		7D3287481D803E9600B1A4A8 /* wechat@3x.png */ = {isa = PBXFileReference; lastKnownFileType = image.png; path = "wechat@3x.png"; sourceTree = "<group>"; };
		7D4EE5811D7FBABD0076C67E /* CollectionView.app */ = {isa = PBXFileReference; explicitFileType = wrapper.application; includeInIndex = 0; path = CollectionView.app; sourceTree = BUILT_PRODUCTS_DIR; };
		7D4EE5831D7FBABE0076C67E /* AppDelegate.swift */ = {isa = PBXFileReference; lastKnownFileType = sourcecode.swift; path = AppDelegate.swift; sourceTree = "<group>"; };
		7D4EE5851D7FBABE0076C67E /* ViewController.swift */ = {isa = PBXFileReference; lastKnownFileType = sourcecode.swift; path = ViewController.swift; sourceTree = "<group>"; };
		7D4EE5881D7FBABE0076C67E /* Base */ = {isa = PBXFileReference; lastKnownFileType = file.storyboard; name = Base; path = Base.lproj/Main.storyboard; sourceTree = "<group>"; };
		7D4EE58A1D7FBABE0076C67E /* Assets.xcassets */ = {isa = PBXFileReference; lastKnownFileType = folder.assetcatalog; path = Assets.xcassets; sourceTree = "<group>"; };
		7D4EE58D1D7FBABE0076C67E /* Base */ = {isa = PBXFileReference; lastKnownFileType = file.storyboard; name = Base; path = Base.lproj/LaunchScreen.storyboard; sourceTree = "<group>"; };
		7D4EE58F1D7FBABE0076C67E /* Info.plist */ = {isa = PBXFileReference; lastKnownFileType = text.plist.xml; path = Info.plist; sourceTree = "<group>"; };
		7D501FD31DAB3301002DF41B /* FoldawayTableView.app */ = {isa = PBXFileReference; explicitFileType = wrapper.application; includeInIndex = 0; path = FoldawayTableView.app; sourceTree = BUILT_PRODUCTS_DIR; };
		7D501FD51DAB3301002DF41B /* AppDelegate.swift */ = {isa = PBXFileReference; lastKnownFileType = sourcecode.swift; path = AppDelegate.swift; sourceTree = "<group>"; };
		7D501FD71DAB3301002DF41B /* FTViewController.swift */ = {isa = PBXFileReference; lastKnownFileType = sourcecode.swift; path = FTViewController.swift; sourceTree = "<group>"; };
		7D501FDA1DAB3301002DF41B /* Base */ = {isa = PBXFileReference; lastKnownFileType = file.storyboard; name = Base; path = Base.lproj/Main.storyboard; sourceTree = "<group>"; };
		7D501FDC1DAB3301002DF41B /* Assets.xcassets */ = {isa = PBXFileReference; lastKnownFileType = folder.assetcatalog; path = Assets.xcassets; sourceTree = "<group>"; };
		7D501FDF1DAB3301002DF41B /* Base */ = {isa = PBXFileReference; lastKnownFileType = file.storyboard; name = Base; path = Base.lproj/LaunchScreen.storyboard; sourceTree = "<group>"; };
		7D501FE11DAB3301002DF41B /* Info.plist */ = {isa = PBXFileReference; lastKnownFileType = text.plist.xml; path = Info.plist; sourceTree = "<group>"; };
		7DAB31331D9D09D200D99649 /* back@2x.png */ = {isa = PBXFileReference; lastKnownFileType = image.png; path = "back@2x.png"; sourceTree = "<group>"; };
		7DAB31341D9D09D200D99649 /* back@3x.png */ = {isa = PBXFileReference; lastKnownFileType = image.png; path = "back@3x.png"; sourceTree = "<group>"; };
		7DAB31351D9D09D200D99649 /* forward@2x.png */ = {isa = PBXFileReference; lastKnownFileType = image.png; path = "forward@2x.png"; sourceTree = "<group>"; };
		7DAB31361D9D09D200D99649 /* forward@3x.png */ = {isa = PBXFileReference; lastKnownFileType = image.png; path = "forward@3x.png"; sourceTree = "<group>"; };
		7DAB31371D9D09D200D99649 /* refresh@2x.png */ = {isa = PBXFileReference; lastKnownFileType = image.png; path = "refresh@2x.png"; sourceTree = "<group>"; };
		7DAB31381D9D09D200D99649 /* refresh@3x.png */ = {isa = PBXFileReference; lastKnownFileType = image.png; path = "refresh@3x.png"; sourceTree = "<group>"; };
		7DAB31391D9D09D200D99649 /* share@2x.png */ = {isa = PBXFileReference; lastKnownFileType = image.png; path = "share@2x.png"; sourceTree = "<group>"; };
		7DAB313A1D9D09D200D99649 /* share@3x.png */ = {isa = PBXFileReference; lastKnownFileType = image.png; path = "share@3x.png"; sourceTree = "<group>"; };
		7DC982981D8149F6000655B4 /* CollectionViewCell.swift */ = {isa = PBXFileReference; fileEncoding = 4; lastKnownFileType = sourcecode.swift; path = CollectionViewCell.swift; sourceTree = "<group>"; };
		7DDC60CB1D65D86500AE30D2 /* AppDelegate.swift */ = {isa = PBXFileReference; lastKnownFileType = sourcecode.swift; path = AppDelegate.swift; sourceTree = "<group>"; };
		7DDC60CD1D65D86500AE30D2 /* ViewController.swift */ = {isa = PBXFileReference; lastKnownFileType = sourcecode.swift; path = ViewController.swift; sourceTree = "<group>"; };
		7DDC60D01D65D86500AE30D2 /* Base */ = {isa = PBXFileReference; lastKnownFileType = file.storyboard; name = Base; path = Base.lproj/Main.storyboard; sourceTree = "<group>"; };
		7DDC60D21D65D86500AE30D2 /* Assets.xcassets */ = {isa = PBXFileReference; lastKnownFileType = folder.assetcatalog; path = Assets.xcassets; sourceTree = "<group>"; };
		7DDC60D51D65D86500AE30D2 /* Base */ = {isa = PBXFileReference; lastKnownFileType = file.storyboard; name = Base; path = Base.lproj/LaunchScreen.storyboard; sourceTree = "<group>"; };
		7DDC60D71D65D86500AE30D2 /* Info.plist */ = {isa = PBXFileReference; lastKnownFileType = text.plist.xml; path = Info.plist; sourceTree = "<group>"; };
/* End PBXFileReference section */

/* Begin PBXFrameworksBuildPhase section */
		7D24A5971D9A58D90057B2FC /* Frameworks */ = {
			isa = PBXFrameworksBuildPhase;
			buildActionMask = 2147483647;
			files = (
			);
			runOnlyForDeploymentPostprocessing = 0;
		};
		7D31788C1D6BF468001F2AC0 /* Frameworks */ = {
			isa = PBXFrameworksBuildPhase;
			buildActionMask = 2147483647;
			files = (
			);
			runOnlyForDeploymentPostprocessing = 0;
		};
		7D4EE57E1D7FBABD0076C67E /* Frameworks */ = {
			isa = PBXFrameworksBuildPhase;
			buildActionMask = 2147483647;
			files = (
			);
			runOnlyForDeploymentPostprocessing = 0;
		};
		7D501FD01DAB3301002DF41B /* Frameworks */ = {
			isa = PBXFrameworksBuildPhase;
			buildActionMask = 2147483647;
			files = (
			);
			runOnlyForDeploymentPostprocessing = 0;
		};
		7DDC60C61D65D86400AE30D2 /* Frameworks */ = {
			isa = PBXFrameworksBuildPhase;
			buildActionMask = 2147483647;
			files = (
			);
			runOnlyForDeploymentPostprocessing = 0;
		};
/* End PBXFrameworksBuildPhase section */

/* Begin PBXGroup section */
		7D24A59B1D9A58DA0057B2FC /* WebView */ = {
			isa = PBXGroup;
			children = (
				7D24A59C1D9A58DA0057B2FC /* AppDelegate.swift */,
				7D24A59E1D9A58DA0057B2FC /* WVViewController.swift */,
				7D24A5A01D9A58DA0057B2FC /* Main.storyboard */,
				7D24A5A31D9A58DA0057B2FC /* Assets.xcassets */,
				7D24A5A51D9A58DA0057B2FC /* LaunchScreen.storyboard */,
				7D24A5A81D9A58DA0057B2FC /* Info.plist */,
				7DAB31321D9D09D200D99649 /* Images */,
			);
			path = WebView;
			sourceTree = "<group>";
		};
		7D3178901D6BF468001F2AC0 /* DeviceAuth */ = {
			isa = PBXGroup;
			children = (
				7D3178911D6BF468001F2AC0 /* AppDelegate.swift */,
				7D3178931D6BF468001F2AC0 /* ViewController.swift */,
				7D3178951D6BF468001F2AC0 /* Main.storyboard */,
				7D3178981D6BF468001F2AC0 /* Assets.xcassets */,
				7D31789A1D6BF468001F2AC0 /* LaunchScreen.storyboard */,
				7D31789D1D6BF468001F2AC0 /* Info.plist */,
			);
			path = DeviceAuth;
			sourceTree = "<group>";
		};
		7D3287461D803E9600B1A4A8 /* images */ = {
			isa = PBXGroup;
			children = (
				7D3287471D803E9600B1A4A8 /* wechat@2x.png */,
				7D3287481D803E9600B1A4A8 /* wechat@3x.png */,
			);
			path = images;
			sourceTree = "<group>";
		};
		7D4EE5821D7FBABD0076C67E /* CollectionView */ = {
			isa = PBXGroup;
			children = (
				7D4EE5831D7FBABE0076C67E /* AppDelegate.swift */,
				7D4EE5851D7FBABE0076C67E /* ViewController.swift */,
				7DC982981D8149F6000655B4 /* CollectionViewCell.swift */,
				7D4EE5871D7FBABE0076C67E /* Main.storyboard */,
				7D4EE58A1D7FBABE0076C67E /* Assets.xcassets */,
				7D3287461D803E9600B1A4A8 /* images */,
				7D4EE58C1D7FBABE0076C67E /* LaunchScreen.storyboard */,
				7D4EE58F1D7FBABE0076C67E /* Info.plist */,
			);
			path = CollectionView;
			sourceTree = "<group>";
		};
		7D501FD41DAB3301002DF41B /* FoldawayTableView */ = {
			isa = PBXGroup;
			children = (
				7D501FD51DAB3301002DF41B /* AppDelegate.swift */,
				7D501FD71DAB3301002DF41B /* FTViewController.swift */,
				7D501FD91DAB3301002DF41B /* Main.storyboard */,
				7D501FDC1DAB3301002DF41B /* Assets.xcassets */,
				7D501FDE1DAB3301002DF41B /* LaunchScreen.storyboard */,
				7D501FE11DAB3301002DF41B /* Info.plist */,
			);
			path = FoldawayTableView;
			sourceTree = "<group>";
		};
		7DAB31321D9D09D200D99649 /* Images */ = {
			isa = PBXGroup;
			children = (
				7DAB31331D9D09D200D99649 /* back@2x.png */,
				7DAB31341D9D09D200D99649 /* back@3x.png */,
				7DAB31351D9D09D200D99649 /* forward@2x.png */,
				7DAB31361D9D09D200D99649 /* forward@3x.png */,
				7DAB31371D9D09D200D99649 /* refresh@2x.png */,
				7DAB31381D9D09D200D99649 /* refresh@3x.png */,
				7DAB31391D9D09D200D99649 /* share@2x.png */,
				7DAB313A1D9D09D200D99649 /* share@3x.png */,
			);
			path = Images;
			sourceTree = "<group>";
		};
		7DC7940D1D5C67FF007E352C = {
			isa = PBXGroup;
			children = (
				7DDC60CA1D65D86500AE30D2 /* Timer */,
				7D3178901D6BF468001F2AC0 /* DeviceAuth */,
				7D4EE5821D7FBABD0076C67E /* CollectionView */,
				7D24A59B1D9A58DA0057B2FC /* WebView */,
				7D501FD41DAB3301002DF41B /* FoldawayTableView */,
				7D3178A31D6C2103001F2AC0 /* Timer.app */,
				7D3178A41D6C2103001F2AC0 /* DeviceAuth.app */,
				7D4EE5811D7FBABD0076C67E /* CollectionView.app */,
				7D24A59A1D9A58D90057B2FC /* WebView.app */,
				7D501FD31DAB3301002DF41B /* FoldawayTableView.app */,
			);
			sourceTree = "<group>";
		};
		7DDC60CA1D65D86500AE30D2 /* Timer */ = {
			isa = PBXGroup;
			children = (
				7DDC60CB1D65D86500AE30D2 /* AppDelegate.swift */,
				7DDC60CD1D65D86500AE30D2 /* ViewController.swift */,
				7DDC60CF1D65D86500AE30D2 /* Main.storyboard */,
				7DDC60D21D65D86500AE30D2 /* Assets.xcassets */,
				7DDC60D41D65D86500AE30D2 /* LaunchScreen.storyboard */,
				7DDC60D71D65D86500AE30D2 /* Info.plist */,
				7D3178A11D6BF512001F2AC0 /* README.md */,
			);
			path = Timer;
			sourceTree = "<group>";
		};
/* End PBXGroup section */

/* Begin PBXNativeTarget section */
		7D24A5991D9A58D90057B2FC /* WebView */ = {
			isa = PBXNativeTarget;
			buildConfigurationList = 7D24A5AB1D9A58DA0057B2FC /* Build configuration list for PBXNativeTarget "WebView" */;
			buildPhases = (
				7D24A5961D9A58D90057B2FC /* Sources */,
				7D24A5971D9A58D90057B2FC /* Frameworks */,
				7D24A5981D9A58D90057B2FC /* Resources */,
			);
			buildRules = (
			);
			dependencies = (
			);
			name = WebView;
			productName = WebView;
			productReference = 7D24A59A1D9A58D90057B2FC /* WebView.app */;
			productType = "com.apple.product-type.application";
		};
		7D31788E1D6BF468001F2AC0 /* DeviceAuth */ = {
			isa = PBXNativeTarget;
			buildConfigurationList = 7D31789E1D6BF468001F2AC0 /* Build configuration list for PBXNativeTarget "DeviceAuth" */;
			buildPhases = (
				7D31788B1D6BF468001F2AC0 /* Sources */,
				7D31788C1D6BF468001F2AC0 /* Frameworks */,
				7D31788D1D6BF468001F2AC0 /* Resources */,
			);
			buildRules = (
			);
			dependencies = (
			);
			name = DeviceAuth;
			productName = DeviceAuth;
			productReference = 7D3178A41D6C2103001F2AC0 /* DeviceAuth.app */;
			productType = "com.apple.product-type.application";
		};
		7D4EE5801D7FBABD0076C67E /* CollectionView */ = {
			isa = PBXNativeTarget;
			buildConfigurationList = 7D4EE5921D7FBABE0076C67E /* Build configuration list for PBXNativeTarget "CollectionView" */;
			buildPhases = (
				7D4EE57D1D7FBABD0076C67E /* Sources */,
				7D4EE57E1D7FBABD0076C67E /* Frameworks */,
				7D4EE57F1D7FBABD0076C67E /* Resources */,
			);
			buildRules = (
			);
			dependencies = (
			);
			name = CollectionView;
			productName = CollectionView;
			productReference = 7D4EE5811D7FBABD0076C67E /* CollectionView.app */;
			productType = "com.apple.product-type.application";
		};
		7D501FD21DAB3301002DF41B /* FoldawayTableView */ = {
			isa = PBXNativeTarget;
			buildConfigurationList = 7D501FE41DAB3301002DF41B /* Build configuration list for PBXNativeTarget "FoldawayTableView" */;
			buildPhases = (
				7D501FCF1DAB3301002DF41B /* Sources */,
				7D501FD01DAB3301002DF41B /* Frameworks */,
				7D501FD11DAB3301002DF41B /* Resources */,
			);
			buildRules = (
			);
			dependencies = (
			);
			name = FoldawayTableView;
			productName = FoldawayTableView;
			productReference = 7D501FD31DAB3301002DF41B /* FoldawayTableView.app */;
			productType = "com.apple.product-type.application";
		};
		7DDC60C81D65D86400AE30D2 /* Timer */ = {
			isa = PBXNativeTarget;
			buildConfigurationList = 7DDC60F41D65D86500AE30D2 /* Build configuration list for PBXNativeTarget "Timer" */;
			buildPhases = (
				7DDC60C51D65D86400AE30D2 /* Sources */,
				7DDC60C61D65D86400AE30D2 /* Frameworks */,
				7DDC60C71D65D86400AE30D2 /* Resources */,
			);
			buildRules = (
			);
			dependencies = (
			);
			name = Timer;
			productName = Timer;
			productReference = 7D3178A31D6C2103001F2AC0 /* Timer.app */;
			productType = "com.apple.product-type.application";
		};
/* End PBXNativeTarget section */

/* Begin PBXProject section */
		7DC7940E1D5C67FF007E352C /* Project object */ = {
			isa = PBXProject;
			attributes = {
				LastSwiftUpdateCheck = 0800;
				LastUpgradeCheck = 1000;
				ORGANIZATIONNAME = Acttos.org;
				TargetAttributes = {
					7D24A5991D9A58D90057B2FC = {
						CreatedOnToolsVersion = 8.0;
						DevelopmentTeam = AXTCK4AA86;
						ProvisioningStyle = Automatic;
					};
					7D31788E1D6BF468001F2AC0 = {
						CreatedOnToolsVersion = 7.3.1;
						DevelopmentTeam = TD37V5LBM9;
						LastSwiftMigration = 0800;
					};
					7D4EE5801D7FBABD0076C67E = {
						CreatedOnToolsVersion = 7.3.1;
						DevelopmentTeam = TD37V5LBM9;
						LastSwiftMigration = 1000;
					};
					7D501FD21DAB3301002DF41B = {
						CreatedOnToolsVersion = 8.0;
						DevelopmentTeam = AXTCK4AA86;
						ProvisioningStyle = Automatic;
					};
					7DDC60C81D65D86400AE30D2 = {
						CreatedOnToolsVersion = 7.3.1;
						DevelopmentTeam = TD37V5LBM9;
						LastSwiftMigration = 0800;
					};
				};
			};
			buildConfigurationList = 7DC794111D5C67FF007E352C /* Build configuration list for PBXProject "Swift-Acttos" */;
			compatibilityVersion = "Xcode 3.2";
			developmentRegion = English;
			hasScannedForEncodings = 0;
			knownRegions = (
				en,
				Base,
			);
			mainGroup = 7DC7940D1D5C67FF007E352C;
			productRefGroup = 7DC7940D1D5C67FF007E352C;
			projectDirPath = "";
			projectRoot = "";
			targets = (
				7DDC60C81D65D86400AE30D2 /* Timer */,
				7D31788E1D6BF468001F2AC0 /* DeviceAuth */,
				7D4EE5801D7FBABD0076C67E /* CollectionView */,
				7D24A5991D9A58D90057B2FC /* WebView */,
				7D501FD21DAB3301002DF41B /* FoldawayTableView */,
			);
		};
/* End PBXProject section */

/* Begin PBXResourcesBuildPhase section */
		7D24A5981D9A58D90057B2FC /* Resources */ = {
			isa = PBXResourcesBuildPhase;
			buildActionMask = 2147483647;
			files = (
				7DAB31411D9D09D200D99649 /* share@2x.png in Resources */,
				7DAB31421D9D09D200D99649 /* share@3x.png in Resources */,
				7DAB313C1D9D09D200D99649 /* back@3x.png in Resources */,
				7D24A5A71D9A58DA0057B2FC /* LaunchScreen.storyboard in Resources */,
				7DAB313F1D9D09D200D99649 /* refresh@2x.png in Resources */,
				7DAB313D1D9D09D200D99649 /* forward@2x.png in Resources */,
				7DAB313B1D9D09D200D99649 /* back@2x.png in Resources */,
				7DAB31401D9D09D200D99649 /* refresh@3x.png in Resources */,
				7D24A5A41D9A58DA0057B2FC /* Assets.xcassets in Resources */,
				7D24A5A21D9A58DA0057B2FC /* Main.storyboard in Resources */,
				7DAB313E1D9D09D200D99649 /* forward@3x.png in Resources */,
			);
			runOnlyForDeploymentPostprocessing = 0;
		};
		7D31788D1D6BF468001F2AC0 /* Resources */ = {
			isa = PBXResourcesBuildPhase;
			buildActionMask = 2147483647;
			files = (
				7D31789C1D6BF468001F2AC0 /* LaunchScreen.storyboard in Resources */,
				7D3178991D6BF468001F2AC0 /* Assets.xcassets in Resources */,
				7D3178971D6BF468001F2AC0 /* Main.storyboard in Resources */,
			);
			runOnlyForDeploymentPostprocessing = 0;
		};
		7D4EE57F1D7FBABD0076C67E /* Resources */ = {
			isa = PBXResourcesBuildPhase;
			buildActionMask = 2147483647;
			files = (
				7D4EE58E1D7FBABE0076C67E /* LaunchScreen.storyboard in Resources */,
				7D4EE58B1D7FBABE0076C67E /* Assets.xcassets in Resources */,
				7D3287491D803E9600B1A4A8 /* wechat@2x.png in Resources */,
				7D4EE5891D7FBABE0076C67E /* Main.storyboard in Resources */,
				7D32874A1D803E9600B1A4A8 /* wechat@3x.png in Resources */,
			);
			runOnlyForDeploymentPostprocessing = 0;
		};
		7D501FD11DAB3301002DF41B /* Resources */ = {
			isa = PBXResourcesBuildPhase;
			buildActionMask = 2147483647;
			files = (
				7D501FE01DAB3301002DF41B /* LaunchScreen.storyboard in Resources */,
				7D501FDD1DAB3301002DF41B /* Assets.xcassets in Resources */,
				7D501FDB1DAB3301002DF41B /* Main.storyboard in Resources */,
			);
			runOnlyForDeploymentPostprocessing = 0;
		};
		7DDC60C71D65D86400AE30D2 /* Resources */ = {
			isa = PBXResourcesBuildPhase;
			buildActionMask = 2147483647;
			files = (
				7DDC60D61D65D86500AE30D2 /* LaunchScreen.storyboard in Resources */,
				7DDC60D31D65D86500AE30D2 /* Assets.xcassets in Resources */,
				7DDC60D11D65D86500AE30D2 /* Main.storyboard in Resources */,
			);
			runOnlyForDeploymentPostprocessing = 0;
		};
/* End PBXResourcesBuildPhase section */

/* Begin PBXSourcesBuildPhase section */
		7D24A5961D9A58D90057B2FC /* Sources */ = {
			isa = PBXSourcesBuildPhase;
			buildActionMask = 2147483647;
			files = (
				7D24A59F1D9A58DA0057B2FC /* WVViewController.swift in Sources */,
				7D24A59D1D9A58DA0057B2FC /* AppDelegate.swift in Sources */,
			);
			runOnlyForDeploymentPostprocessing = 0;
		};
		7D31788B1D6BF468001F2AC0 /* Sources */ = {
			isa = PBXSourcesBuildPhase;
			buildActionMask = 2147483647;
			files = (
				7D3178941D6BF468001F2AC0 /* ViewController.swift in Sources */,
				7D3178921D6BF468001F2AC0 /* AppDelegate.swift in Sources */,
			);
			runOnlyForDeploymentPostprocessing = 0;
		};
		7D4EE57D1D7FBABD0076C67E /* Sources */ = {
			isa = PBXSourcesBuildPhase;
			buildActionMask = 2147483647;
			files = (
				7D4EE5861D7FBABE0076C67E /* ViewController.swift in Sources */,
				7D4EE5841D7FBABE0076C67E /* AppDelegate.swift in Sources */,
				7DC982991D8149F6000655B4 /* CollectionViewCell.swift in Sources */,
			);
			runOnlyForDeploymentPostprocessing = 0;
		};
		7D501FCF1DAB3301002DF41B /* Sources */ = {
			isa = PBXSourcesBuildPhase;
			buildActionMask = 2147483647;
			files = (
				7D501FD81DAB3301002DF41B /* FTViewController.swift in Sources */,
				7D501FD61DAB3301002DF41B /* AppDelegate.swift in Sources */,
			);
			runOnlyForDeploymentPostprocessing = 0;
		};
		7DDC60C51D65D86400AE30D2 /* Sources */ = {
			isa = PBXSourcesBuildPhase;
			buildActionMask = 2147483647;
			files = (
				7D3178A21D6BF512001F2AC0 /* README.md in Sources */,
				7DDC60CE1D65D86500AE30D2 /* ViewController.swift in Sources */,
				7DDC60CC1D65D86500AE30D2 /* AppDelegate.swift in Sources */,
			);
			runOnlyForDeploymentPostprocessing = 0;
		};
/* End PBXSourcesBuildPhase section */

/* Begin PBXVariantGroup section */
		7D24A5A01D9A58DA0057B2FC /* Main.storyboard */ = {
			isa = PBXVariantGroup;
			children = (
				7D24A5A11D9A58DA0057B2FC /* Base */,
			);
			name = Main.storyboard;
			sourceTree = "<group>";
		};
		7D24A5A51D9A58DA0057B2FC /* LaunchScreen.storyboard */ = {
			isa = PBXVariantGroup;
			children = (
				7D24A5A61D9A58DA0057B2FC /* Base */,
			);
			name = LaunchScreen.storyboard;
			sourceTree = "<group>";
		};
		7D3178951D6BF468001F2AC0 /* Main.storyboard */ = {
			isa = PBXVariantGroup;
			children = (
				7D3178961D6BF468001F2AC0 /* Base */,
			);
			name = Main.storyboard;
			sourceTree = "<group>";
		};
		7D31789A1D6BF468001F2AC0 /* LaunchScreen.storyboard */ = {
			isa = PBXVariantGroup;
			children = (
				7D31789B1D6BF468001F2AC0 /* Base */,
			);
			name = LaunchScreen.storyboard;
			sourceTree = "<group>";
		};
		7D4EE5871D7FBABE0076C67E /* Main.storyboard */ = {
			isa = PBXVariantGroup;
			children = (
				7D4EE5881D7FBABE0076C67E /* Base */,
			);
			name = Main.storyboard;
			sourceTree = "<group>";
		};
		7D4EE58C1D7FBABE0076C67E /* LaunchScreen.storyboard */ = {
			isa = PBXVariantGroup;
			children = (
				7D4EE58D1D7FBABE0076C67E /* Base */,
			);
			name = LaunchScreen.storyboard;
			sourceTree = "<group>";
		};
		7D501FD91DAB3301002DF41B /* Main.storyboard */ = {
			isa = PBXVariantGroup;
			children = (
				7D501FDA1DAB3301002DF41B /* Base */,
			);
			name = Main.storyboard;
			sourceTree = "<group>";
		};
		7D501FDE1DAB3301002DF41B /* LaunchScreen.storyboard */ = {
			isa = PBXVariantGroup;
			children = (
				7D501FDF1DAB3301002DF41B /* Base */,
			);
			name = LaunchScreen.storyboard;
			sourceTree = "<group>";
		};
		7DDC60CF1D65D86500AE30D2 /* Main.storyboard */ = {
			isa = PBXVariantGroup;
			children = (
				7DDC60D01D65D86500AE30D2 /* Base */,
			);
			name = Main.storyboard;
			sourceTree = "<group>";
		};
		7DDC60D41D65D86500AE30D2 /* LaunchScreen.storyboard */ = {
			isa = PBXVariantGroup;
			children = (
				7DDC60D51D65D86500AE30D2 /* Base */,
			);
			name = LaunchScreen.storyboard;
			sourceTree = "<group>";
		};
/* End PBXVariantGroup section */

/* Begin XCBuildConfiguration section */
		7D24A5A91D9A58DA0057B2FC /* Debug */ = {
			isa = XCBuildConfiguration;
			buildSettings = {
				ASSETCATALOG_COMPILER_APPICON_NAME = AppIcon;
				CLANG_WARN_DOCUMENTATION_COMMENTS = YES;
				CLANG_WARN_INFINITE_RECURSION = YES;
				CLANG_WARN_SUSPICIOUS_MOVES = YES;
				DEVELOPMENT_TEAM = AXTCK4AA86;
				INFOPLIST_FILE = WebView/Info.plist;
				IPHONEOS_DEPLOYMENT_TARGET = 8.0;
				LD_RUNPATH_SEARCH_PATHS = "$(inherited) @executable_path/Frameworks";
				PRODUCT_BUNDLE_IDENTIFIER = cn.majinshou.acttos.swift.WebView;
				PRODUCT_NAME = "$(TARGET_NAME)";
				SWIFT_ACTIVE_COMPILATION_CONDITIONS = DEBUG;
				SWIFT_VERSION = 3.0;
			};
			name = Debug;
		};
		7D24A5AA1D9A58DA0057B2FC /* Release */ = {
			isa = XCBuildConfiguration;
			buildSettings = {
				ASSETCATALOG_COMPILER_APPICON_NAME = AppIcon;
				CLANG_WARN_DOCUMENTATION_COMMENTS = YES;
				CLANG_WARN_INFINITE_RECURSION = YES;
				CLANG_WARN_SUSPICIOUS_MOVES = YES;
				DEVELOPMENT_TEAM = AXTCK4AA86;
				INFOPLIST_FILE = WebView/Info.plist;
				IPHONEOS_DEPLOYMENT_TARGET = 8.0;
				LD_RUNPATH_SEARCH_PATHS = "$(inherited) @executable_path/Frameworks";
				PRODUCT_BUNDLE_IDENTIFIER = cn.majinshou.acttos.swift.WebView;
				PRODUCT_NAME = "$(TARGET_NAME)";
				SWIFT_OPTIMIZATION_LEVEL = "-Owholemodule";
				SWIFT_VERSION = 3.0;
			};
			name = Release;
		};
		7D31789F1D6BF468001F2AC0 /* Debug */ = {
			isa = XCBuildConfiguration;
			buildSettings = {
				ASSETCATALOG_COMPILER_APPICON_NAME = AppIcon;
				DEVELOPMENT_TEAM = TD37V5LBM9;
				INFOPLIST_FILE = DeviceAuth/Info.plist;
				LD_RUNPATH_SEARCH_PATHS = "$(inherited) @executable_path/Frameworks";
				PRODUCT_BUNDLE_IDENTIFIER = org.acttos.swift.DeviceAuth;
				PRODUCT_NAME = "$(TARGET_NAME)";
				SWIFT_VERSION = 3.0;
			};
			name = Debug;
		};
		7D3178A01D6BF468001F2AC0 /* Release */ = {
			isa = XCBuildConfiguration;
			buildSettings = {
				ASSETCATALOG_COMPILER_APPICON_NAME = AppIcon;
				DEVELOPMENT_TEAM = TD37V5LBM9;
				INFOPLIST_FILE = DeviceAuth/Info.plist;
				LD_RUNPATH_SEARCH_PATHS = "$(inherited) @executable_path/Frameworks";
				PRODUCT_BUNDLE_IDENTIFIER = org.acttos.swift.DeviceAuth;
				PRODUCT_NAME = "$(TARGET_NAME)";
				SWIFT_VERSION = 3.0;
			};
			name = Release;
		};
		7D4EE5901D7FBABE0076C67E /* Debug */ = {
			isa = XCBuildConfiguration;
			buildSettings = {
				ASSETCATALOG_COMPILER_APPICON_NAME = AppIcon;
				DEVELOPMENT_TEAM = TD37V5LBM9;
				INFOPLIST_FILE = CollectionView/Info.plist;
				LD_RUNPATH_SEARCH_PATHS = "$(inherited) @executable_path/Frameworks";
				PRODUCT_BUNDLE_IDENTIFIER = org.acttos.swift.CollectionView;
				PRODUCT_NAME = "$(TARGET_NAME)";
				SWIFT_SWIFT3_OBJC_INFERENCE = On;
				SWIFT_VERSION = 4.2;
			};
			name = Debug;
		};
		7D4EE5911D7FBABE0076C67E /* Release */ = {
			isa = XCBuildConfiguration;
			buildSettings = {
				ASSETCATALOG_COMPILER_APPICON_NAME = AppIcon;
				DEVELOPMENT_TEAM = TD37V5LBM9;
				INFOPLIST_FILE = CollectionView/Info.plist;
				LD_RUNPATH_SEARCH_PATHS = "$(inherited) @executable_path/Frameworks";
				PRODUCT_BUNDLE_IDENTIFIER = org.acttos.swift.CollectionView;
				PRODUCT_NAME = "$(TARGET_NAME)";
				SWIFT_SWIFT3_OBJC_INFERENCE = On;
				SWIFT_VERSION = 4.2;
			};
			name = Release;
		};
		7D501FE21DAB3301002DF41B /* Debug */ = {
			isa = XCBuildConfiguration;
			buildSettings = {
				ASSETCATALOG_COMPILER_APPICON_NAME = AppIcon;
				CLANG_WARN_DOCUMENTATION_COMMENTS = YES;
				CLANG_WARN_INFINITE_RECURSION = YES;
				CLANG_WARN_SUSPICIOUS_MOVES = YES;
				DEVELOPMENT_TEAM = AXTCK4AA86;
				INFOPLIST_FILE = FoldawayTableView/Info.plist;
				IPHONEOS_DEPLOYMENT_TARGET = 10.0;
				LD_RUNPATH_SEARCH_PATHS = "$(inherited) @executable_path/Frameworks";
				PRODUCT_BUNDLE_IDENTIFIER = cn.majinshou.acttos.FoldawayTableView;
				PRODUCT_NAME = "$(TARGET_NAME)";
				SWIFT_ACTIVE_COMPILATION_CONDITIONS = DEBUG;
				SWIFT_VERSION = 3.0;
			};
			name = Debug;
		};
		7D501FE31DAB3301002DF41B /* Release */ = {
			isa = XCBuildConfiguration;
			buildSettings = {
				ASSETCATALOG_COMPILER_APPICON_NAME = AppIcon;
				CLANG_WARN_DOCUMENTATION_COMMENTS = YES;
				CLANG_WARN_INFINITE_RECURSION = YES;
				CLANG_WARN_SUSPICIOUS_MOVES = YES;
				DEVELOPMENT_TEAM = AXTCK4AA86;
				INFOPLIST_FILE = FoldawayTableView/Info.plist;
				IPHONEOS_DEPLOYMENT_TARGET = 10.0;
				LD_RUNPATH_SEARCH_PATHS = "$(inherited) @executable_path/Frameworks";
				PRODUCT_BUNDLE_IDENTIFIER = cn.majinshou.acttos.FoldawayTableView;
				PRODUCT_NAME = "$(TARGET_NAME)";
				SWIFT_OPTIMIZATION_LEVEL = "-Owholemodule";
				SWIFT_VERSION = 3.0;
			};
			name = Release;
		};
		7DC7943C1D5C6800007E352C /* Debug */ = {
			isa = XCBuildConfiguration;
			buildSettings = {
				ALWAYS_SEARCH_USER_PATHS = NO;
				CLANG_ANALYZER_NONNULL = YES;
				CLANG_CXX_LANGUAGE_STANDARD = "gnu++0x";
				CLANG_CXX_LIBRARY = "libc++";
				CLANG_ENABLE_MODULES = YES;
				CLANG_ENABLE_OBJC_ARC = YES;
				CLANG_WARN_BLOCK_CAPTURE_AUTORELEASING = YES;
				CLANG_WARN_BOOL_CONVERSION = YES;
				CLANG_WARN_COMMA = YES;
				CLANG_WARN_CONSTANT_CONVERSION = YES;
				CLANG_WARN_DEPRECATED_OBJC_IMPLEMENTATIONS = YES;
				CLANG_WARN_DIRECT_OBJC_ISA_USAGE = YES_ERROR;
				CLANG_WARN_EMPTY_BODY = YES;
				CLANG_WARN_ENUM_CONVERSION = YES;
				CLANG_WARN_INFINITE_RECURSION = YES;
				CLANG_WARN_INT_CONVERSION = YES;
				CLANG_WARN_NON_LITERAL_NULL_CONVERSION = YES;
				CLANG_WARN_OBJC_IMPLICIT_RETAIN_SELF = YES;
				CLANG_WARN_OBJC_LITERAL_CONVERSION = YES;
				CLANG_WARN_OBJC_ROOT_CLASS = YES_ERROR;
				CLANG_WARN_RANGE_LOOP_ANALYSIS = YES;
				CLANG_WARN_STRICT_PROTOTYPES = YES;
				CLANG_WARN_SUSPICIOUS_MOVE = YES;
				CLANG_WARN_UNREACHABLE_CODE = YES;
				CLANG_WARN__DUPLICATE_METHOD_MATCH = YES;
				"CODE_SIGN_IDENTITY[sdk=iphoneos*]" = "iPhone Developer";
				COPY_PHASE_STRIP = NO;
				DEBUG_INFORMATION_FORMAT = dwarf;
				ENABLE_STRICT_OBJC_MSGSEND = YES;
				ENABLE_TESTABILITY = YES;
				GCC_C_LANGUAGE_STANDARD = gnu99;
				GCC_DYNAMIC_NO_PIC = NO;
				GCC_NO_COMMON_BLOCKS = YES;
				GCC_OPTIMIZATION_LEVEL = 0;
				GCC_PREPROCESSOR_DEFINITIONS = (
					"DEBUG=1",
					"$(inherited)",
				);
				GCC_WARN_64_TO_32_BIT_CONVERSION = YES;
				GCC_WARN_ABOUT_RETURN_TYPE = YES_ERROR;
				GCC_WARN_UNDECLARED_SELECTOR = YES;
				GCC_WARN_UNINITIALIZED_AUTOS = YES_AGGRESSIVE;
				GCC_WARN_UNUSED_FUNCTION = YES;
				GCC_WARN_UNUSED_VARIABLE = YES;
				IPHONEOS_DEPLOYMENT_TARGET = 9.3;
				MTL_ENABLE_DEBUG_INFO = YES;
				ONLY_ACTIVE_ARCH = YES;
				SDKROOT = iphoneos;
				SWIFT_OPTIMIZATION_LEVEL = "-Onone";
			};
			name = Debug;
		};
		7DC7943D1D5C6800007E352C /* Release */ = {
			isa = XCBuildConfiguration;
			buildSettings = {
				ALWAYS_SEARCH_USER_PATHS = NO;
				CLANG_ANALYZER_NONNULL = YES;
				CLANG_CXX_LANGUAGE_STANDARD = "gnu++0x";
				CLANG_CXX_LIBRARY = "libc++";
				CLANG_ENABLE_MODULES = YES;
				CLANG_ENABLE_OBJC_ARC = YES;
				CLANG_WARN_BLOCK_CAPTURE_AUTORELEASING = YES;
				CLANG_WARN_BOOL_CONVERSION = YES;
				CLANG_WARN_COMMA = YES;
				CLANG_WARN_CONSTANT_CONVERSION = YES;
				CLANG_WARN_DEPRECATED_OBJC_IMPLEMENTATIONS = YES;
				CLANG_WARN_DIRECT_OBJC_ISA_USAGE = YES_ERROR;
				CLANG_WARN_EMPTY_BODY = YES;
				CLANG_WARN_ENUM_CONVERSION = YES;
				CLANG_WARN_INFINITE_RECURSION = YES;
				CLANG_WARN_INT_CONVERSION = YES;
				CLANG_WARN_NON_LITERAL_NULL_CONVERSION = YES;
				CLANG_WARN_OBJC_IMPLICIT_RETAIN_SELF = YES;
				CLANG_WARN_OBJC_LITERAL_CONVERSION = YES;
				CLANG_WARN_OBJC_ROOT_CLASS = YES_ERROR;
				CLANG_WARN_RANGE_LOOP_ANALYSIS = YES;
				CLANG_WARN_STRICT_PROTOTYPES = YES;
				CLANG_WARN_SUSPICIOUS_MOVE = YES;
				CLANG_WARN_UNREACHABLE_CODE = YES;
				CLANG_WARN__DUPLICATE_METHOD_MATCH = YES;
				"CODE_SIGN_IDENTITY[sdk=iphoneos*]" = "iPhone Developer";
				COPY_PHASE_STRIP = NO;
				DEBUG_INFORMATION_FORMAT = "dwarf-with-dsym";
				ENABLE_NS_ASSERTIONS = NO;
				ENABLE_STRICT_OBJC_MSGSEND = YES;
				GCC_C_LANGUAGE_STANDARD = gnu99;
				GCC_NO_COMMON_BLOCKS = YES;
				GCC_WARN_64_TO_32_BIT_CONVERSION = YES;
				GCC_WARN_ABOUT_RETURN_TYPE = YES_ERROR;
				GCC_WARN_UNDECLARED_SELECTOR = YES;
				GCC_WARN_UNINITIALIZED_AUTOS = YES_AGGRESSIVE;
				GCC_WARN_UNUSED_FUNCTION = YES;
				GCC_WARN_UNUSED_VARIABLE = YES;
				IPHONEOS_DEPLOYMENT_TARGET = 9.3;
				MTL_ENABLE_DEBUG_INFO = NO;
				SDKROOT = iphoneos;
				SWIFT_COMPILATION_MODE = wholemodule;
				VALIDATE_PRODUCT = YES;
			};
			name = Release;
		};
		7DDC60EE1D65D86500AE30D2 /* Debug */ = {
			isa = XCBuildConfiguration;
			buildSettings = {
				ASSETCATALOG_COMPILER_APPICON_NAME = AppIcon;
				DEVELOPMENT_TEAM = TD37V5LBM9;
				INFOPLIST_FILE = Timer/Info.plist;
				LD_RUNPATH_SEARCH_PATHS = "$(inherited) @executable_path/Frameworks";
				PRODUCT_BUNDLE_IDENTIFIER = org.acttos.swift.Timer;
				PRODUCT_NAME = "$(TARGET_NAME)";
				SWIFT_VERSION = 3.0;
			};
			name = Debug;
		};
		7DDC60EF1D65D86500AE30D2 /* Release */ = {
			isa = XCBuildConfiguration;
			buildSettings = {
				ASSETCATALOG_COMPILER_APPICON_NAME = AppIcon;
				DEVELOPMENT_TEAM = TD37V5LBM9;
				INFOPLIST_FILE = Timer/Info.plist;
				LD_RUNPATH_SEARCH_PATHS = "$(inherited) @executable_path/Frameworks";
				PRODUCT_BUNDLE_IDENTIFIER = org.acttos.swift.Timer;
				PRODUCT_NAME = "$(TARGET_NAME)";
				SWIFT_VERSION = 3.0;
			};
			name = Release;
		};
/* End XCBuildConfiguration section */

/* Begin XCConfigurationList section */
		7D24A5AB1D9A58DA0057B2FC /* Build configuration list for PBXNativeTarget "WebView" */ = {
			isa = XCConfigurationList;
			buildConfigurations = (
				7D24A5A91D9A58DA0057B2FC /* Debug */,
				7D24A5AA1D9A58DA0057B2FC /* Release */,
			);
			defaultConfigurationIsVisible = 0;
			defaultConfigurationName = Release;
		};
		7D31789E1D6BF468001F2AC0 /* Build configuration list for PBXNativeTarget "DeviceAuth" */ = {
			isa = XCConfigurationList;
			buildConfigurations = (
				7D31789F1D6BF468001F2AC0 /* Debug */,
				7D3178A01D6BF468001F2AC0 /* Release */,
			);
			defaultConfigurationIsVisible = 0;
			defaultConfigurationName = Release;
		};
		7D4EE5921D7FBABE0076C67E /* Build configuration list for PBXNativeTarget "CollectionView" */ = {
			isa = XCConfigurationList;
			buildConfigurations = (
				7D4EE5901D7FBABE0076C67E /* Debug */,
				7D4EE5911D7FBABE0076C67E /* Release */,
			);
			defaultConfigurationIsVisible = 0;
			defaultConfigurationName = Release;
		};
		7D501FE41DAB3301002DF41B /* Build configuration list for PBXNativeTarget "FoldawayTableView" */ = {
			isa = XCConfigurationList;
			buildConfigurations = (
				7D501FE21DAB3301002DF41B /* Debug */,
				7D501FE31DAB3301002DF41B /* Release */,
			);
			defaultConfigurationIsVisible = 0;
			defaultConfigurationName = Release;
		};
		7DC794111D5C67FF007E352C /* Build configuration list for PBXProject "Swift-Acttos" */ = {
			isa = XCConfigurationList;
			buildConfigurations = (
				7DC7943C1D5C6800007E352C /* Debug */,
				7DC7943D1D5C6800007E352C /* Release */,
			);
			defaultConfigurationIsVisible = 0;
			defaultConfigurationName = Release;
		};
		7DDC60F41D65D86500AE30D2 /* Build configuration list for PBXNativeTarget "Timer" */ = {
			isa = XCConfigurationList;
			buildConfigurations = (
				7DDC60EE1D65D86500AE30D2 /* Debug */,
				7DDC60EF1D65D86500AE30D2 /* Release */,
			);
			defaultConfigurationIsVisible = 0;
			defaultConfigurationName = Release;
		};
/* End XCConfigurationList section */
	};
	rootObject = 7DC7940E1D5C67FF007E352C /* Project object */;
}
