// !$*UTF8*$!
{
	archiveVersion = 1;
	classes = {
	};
	objectVersion = 46;
	objects = {

/* Begin PBXBuildFile section */
		7DDC60CC1D65D86500AE30D2 /* AppDelegate.swift in Sources */ = {isa = PBXBuildFile; fileRef = 7DDC60CB1D65D86500AE30D2 /* AppDelegate.swift */; };
		7DDC60CE1D65D86500AE30D2 /* ViewController.swift in Sources */ = {isa = PBXBuildFile; fileRef = 7DDC60CD1D65D86500AE30D2 /* ViewController.swift */; };
		7DDC60D11D65D86500AE30D2 /* Main.storyboard in Resources */ = {isa = PBXBuildFile; fileRef = 7DDC60CF1D65D86500AE30D2 /* Main.storyboard */; };
		7DDC60D31D65D86500AE30D2 /* Assets.xcassets in Resources */ = {isa = PBXBuildFile; fileRef = 7DDC60D21D65D86500AE30D2 /* Assets.xcassets */; };
		7DDC60D61D65D86500AE30D2 /* LaunchScreen.storyboard in Resources */ = {isa = PBXBuildFile; fileRef = 7DDC60D41D65D86500AE30D2 /* LaunchScreen.storyboard */; };
		7DDC60E11D65D86500AE30D2 /* TimerTests.swift in Sources */ = {isa = PBXBuildFile; fileRef = 7DDC60E01D65D86500AE30D2 /* TimerTests.swift */; };
		7DDC60EC1D65D86500AE30D2 /* TimerUITests.swift in Sources */ = {isa = PBXBuildFile; fileRef = 7DDC60EB1D65D86500AE30D2 /* TimerUITests.swift */; };
/* End PBXBuildFile section */

/* Begin PBXContainerItemProxy section */
		7DDC60DD1D65D86500AE30D2 /* PBXContainerItemProxy */ = {
			isa = PBXContainerItemProxy;
			containerPortal = 7DC7940E1D5C67FF007E352C /* Project object */;
			proxyType = 1;
			remoteGlobalIDString = 7DDC60C81D65D86400AE30D2;
			remoteInfo = Timer;
		};
		7DDC60E81D65D86500AE30D2 /* PBXContainerItemProxy */ = {
			isa = PBXContainerItemProxy;
			containerPortal = 7DC7940E1D5C67FF007E352C /* Project object */;
			proxyType = 1;
			remoteGlobalIDString = 7DDC60C81D65D86400AE30D2;
			remoteInfo = Timer;
		};
/* End PBXContainerItemProxy section */

/* Begin PBXFileReference section */
		7DDC60C91D65D86400AE30D2 /* Timer.app */ = {isa = PBXFileReference; explicitFileType = wrapper.application; includeInIndex = 0; path = Timer.app; sourceTree = BUILT_PRODUCTS_DIR; };
		7DDC60CB1D65D86500AE30D2 /* AppDelegate.swift */ = {isa = PBXFileReference; lastKnownFileType = sourcecode.swift; path = AppDelegate.swift; sourceTree = "<group>"; };
		7DDC60CD1D65D86500AE30D2 /* ViewController.swift */ = {isa = PBXFileReference; lastKnownFileType = sourcecode.swift; path = ViewController.swift; sourceTree = "<group>"; };
		7DDC60D01D65D86500AE30D2 /* Base */ = {isa = PBXFileReference; lastKnownFileType = file.storyboard; name = Base; path = Base.lproj/Main.storyboard; sourceTree = "<group>"; };
		7DDC60D21D65D86500AE30D2 /* Assets.xcassets */ = {isa = PBXFileReference; lastKnownFileType = folder.assetcatalog; path = Assets.xcassets; sourceTree = "<group>"; };
		7DDC60D51D65D86500AE30D2 /* Base */ = {isa = PBXFileReference; lastKnownFileType = file.storyboard; name = Base; path = Base.lproj/LaunchScreen.storyboard; sourceTree = "<group>"; };
		7DDC60D71D65D86500AE30D2 /* Info.plist */ = {isa = PBXFileReference; lastKnownFileType = text.plist.xml; path = Info.plist; sourceTree = "<group>"; };
		7DDC60DC1D65D86500AE30D2 /* TimerTests.xctest */ = {isa = PBXFileReference; explicitFileType = wrapper.cfbundle; includeInIndex = 0; path = TimerTests.xctest; sourceTree = BUILT_PRODUCTS_DIR; };
		7DDC60E01D65D86500AE30D2 /* TimerTests.swift */ = {isa = PBXFileReference; lastKnownFileType = sourcecode.swift; path = TimerTests.swift; sourceTree = "<group>"; };
		7DDC60E21D65D86500AE30D2 /* Info.plist */ = {isa = PBXFileReference; lastKnownFileType = text.plist.xml; path = Info.plist; sourceTree = "<group>"; };
		7DDC60E71D65D86500AE30D2 /* TimerUITests.xctest */ = {isa = PBXFileReference; explicitFileType = wrapper.cfbundle; includeInIndex = 0; path = TimerUITests.xctest; sourceTree = BUILT_PRODUCTS_DIR; };
		7DDC60EB1D65D86500AE30D2 /* TimerUITests.swift */ = {isa = PBXFileReference; lastKnownFileType = sourcecode.swift; path = TimerUITests.swift; sourceTree = "<group>"; };
		7DDC60ED1D65D86500AE30D2 /* Info.plist */ = {isa = PBXFileReference; lastKnownFileType = text.plist.xml; path = Info.plist; sourceTree = "<group>"; };
/* End PBXFileReference section */

/* Begin PBXFrameworksBuildPhase section */
		7DDC60C61D65D86400AE30D2 /* Frameworks */ = {
			isa = PBXFrameworksBuildPhase;
			buildActionMask = 2147483647;
			files = (
			);
			runOnlyForDeploymentPostprocessing = 0;
		};
		7DDC60D91D65D86500AE30D2 /* Frameworks */ = {
			isa = PBXFrameworksBuildPhase;
			buildActionMask = 2147483647;
			files = (
			);
			runOnlyForDeploymentPostprocessing = 0;
		};
		7DDC60E41D65D86500AE30D2 /* Frameworks */ = {
			isa = PBXFrameworksBuildPhase;
			buildActionMask = 2147483647;
			files = (
			);
			runOnlyForDeploymentPostprocessing = 0;
		};
/* End PBXFrameworksBuildPhase section */

/* Begin PBXGroup section */
		7DC7940D1D5C67FF007E352C = {
			isa = PBXGroup;
			children = (
				7DDC60F71D65D87200AE30D2 /* Timer */,
			);
			sourceTree = "<group>";
		};
		7DC794171D5C67FF007E352C /* Products */ = {
			isa = PBXGroup;
			children = (
				7DDC60C91D65D86400AE30D2 /* Timer.app */,
				7DDC60DC1D65D86500AE30D2 /* TimerTests.xctest */,
				7DDC60E71D65D86500AE30D2 /* TimerUITests.xctest */,
			);
			name = Products;
			sourceTree = "<group>";
		};
		7DDC60CA1D65D86500AE30D2 /* Timer */ = {
			isa = PBXGroup;
			children = (
				7DDC60CB1D65D86500AE30D2 /* AppDelegate.swift */,
				7DDC60CD1D65D86500AE30D2 /* ViewController.swift */,
				7DDC60CF1D65D86500AE30D2 /* Main.storyboard */,
				7DDC60D21D65D86500AE30D2 /* Assets.xcassets */,
				7DDC60D41D65D86500AE30D2 /* LaunchScreen.storyboard */,
				7DDC60D71D65D86500AE30D2 /* Info.plist */,
			);
			path = Timer;
			sourceTree = "<group>";
		};
		7DDC60DF1D65D86500AE30D2 /* TimerTests */ = {
			isa = PBXGroup;
			children = (
				7DDC60E01D65D86500AE30D2 /* TimerTests.swift */,
				7DDC60E21D65D86500AE30D2 /* Info.plist */,
			);
			path = TimerTests;
			sourceTree = "<group>";
		};
		7DDC60EA1D65D86500AE30D2 /* TimerUITests */ = {
			isa = PBXGroup;
			children = (
				7DDC60EB1D65D86500AE30D2 /* TimerUITests.swift */,
				7DDC60ED1D65D86500AE30D2 /* Info.plist */,
			);
			path = TimerUITests;
			sourceTree = "<group>";
		};
		7DDC60F71D65D87200AE30D2 /* Timer */ = {
			isa = PBXGroup;
			children = (
				7DDC60CA1D65D86500AE30D2 /* Timer */,
				7DDC60DF1D65D86500AE30D2 /* TimerTests */,
				7DDC60EA1D65D86500AE30D2 /* TimerUITests */,
				7DC794171D5C67FF007E352C /* Products */,
			);
			name = Timer;
			sourceTree = "<group>";
		};
/* End PBXGroup section */

/* Begin PBXNativeTarget section */
		7DDC60C81D65D86400AE30D2 /* Timer */ = {
			isa = PBXNativeTarget;
			buildConfigurationList = 7DDC60F41D65D86500AE30D2 /* Build configuration list for PBXNativeTarget "Timer" */;
			buildPhases = (
				7DDC60C51D65D86400AE30D2 /* Sources */,
				7DDC60C61D65D86400AE30D2 /* Frameworks */,
				7DDC60C71D65D86400AE30D2 /* Resources */,
			);
			buildRules = (
			);
			dependencies = (
			);
			name = Timer;
			productName = Timer;
			productReference = 7DDC60C91D65D86400AE30D2 /* Timer.app */;
			productType = "com.apple.product-type.application";
		};
		7DDC60DB1D65D86500AE30D2 /* TimerTests */ = {
			isa = PBXNativeTarget;
			buildConfigurationList = 7DDC60F51D65D86500AE30D2 /* Build configuration list for PBXNativeTarget "TimerTests" */;
			buildPhases = (
				7DDC60D81D65D86500AE30D2 /* Sources */,
				7DDC60D91D65D86500AE30D2 /* Frameworks */,
				7DDC60DA1D65D86500AE30D2 /* Resources */,
			);
			buildRules = (
			);
			dependencies = (
				7DDC60DE1D65D86500AE30D2 /* PBXTargetDependency */,
			);
			name = TimerTests;
			productName = TimerTests;
			productReference = 7DDC60DC1D65D86500AE30D2 /* TimerTests.xctest */;
			productType = "com.apple.product-type.bundle.unit-test";
		};
		7DDC60E61D65D86500AE30D2 /* TimerUITests */ = {
			isa = PBXNativeTarget;
			buildConfigurationList = 7DDC60F61D65D86500AE30D2 /* Build configuration list for PBXNativeTarget "TimerUITests" */;
			buildPhases = (
				7DDC60E31D65D86500AE30D2 /* Sources */,
				7DDC60E41D65D86500AE30D2 /* Frameworks */,
				7DDC60E51D65D86500AE30D2 /* Resources */,
			);
			buildRules = (
			);
			dependencies = (
				7DDC60E91D65D86500AE30D2 /* PBXTargetDependency */,
			);
			name = TimerUITests;
			productName = TimerUITests;
			productReference = 7DDC60E71D65D86500AE30D2 /* TimerUITests.xctest */;
			productType = "com.apple.product-type.bundle.ui-testing";
		};
/* End PBXNativeTarget section */

/* Begin PBXProject section */
		7DC7940E1D5C67FF007E352C /* Project object */ = {
			isa = PBXProject;
			attributes = {
				LastSwiftUpdateCheck = 0730;
				LastUpgradeCheck = 0730;
				ORGANIZATIONNAME = Personal;
				TargetAttributes = {
					7DDC60C81D65D86400AE30D2 = {
						CreatedOnToolsVersion = 7.3.1;
						DevelopmentTeam = AXTCK4AA86;
					};
					7DDC60DB1D65D86500AE30D2 = {
						CreatedOnToolsVersion = 7.3.1;
						DevelopmentTeam = AXTCK4AA86;
						TestTargetID = 7DDC60C81D65D86400AE30D2;
					};
					7DDC60E61D65D86500AE30D2 = {
						CreatedOnToolsVersion = 7.3.1;
						DevelopmentTeam = AXTCK4AA86;
						TestTargetID = 7DDC60C81D65D86400AE30D2;
					};
				};
			};
			buildConfigurationList = 7DC794111D5C67FF007E352C /* Build configuration list for PBXProject "Swift-Acttos" */;
			compatibilityVersion = "Xcode 3.2";
			developmentRegion = English;
			hasScannedForEncodings = 0;
			knownRegions = (
				en,
				Base,
			);
			mainGroup = 7DC7940D1D5C67FF007E352C;
			productRefGroup = 7DC794171D5C67FF007E352C /* Products */;
			projectDirPath = "";
			projectRoot = "";
			targets = (
				7DDC60C81D65D86400AE30D2 /* Timer */,
				7DDC60DB1D65D86500AE30D2 /* TimerTests */,
				7DDC60E61D65D86500AE30D2 /* TimerUITests */,
			);
		};
/* End PBXProject section */

/* Begin PBXResourcesBuildPhase section */
		7DDC60C71D65D86400AE30D2 /* Resources */ = {
			isa = PBXResourcesBuildPhase;
			buildActionMask = 2147483647;
			files = (
				7DDC60D61D65D86500AE30D2 /* LaunchScreen.storyboard in Resources */,
				7DDC60D31D65D86500AE30D2 /* Assets.xcassets in Resources */,
				7DDC60D11D65D86500AE30D2 /* Main.storyboard in Resources */,
			);
			runOnlyForDeploymentPostprocessing = 0;
		};
		7DDC60DA1D65D86500AE30D2 /* Resources */ = {
			isa = PBXResourcesBuildPhase;
			buildActionMask = 2147483647;
			files = (
			);
			runOnlyForDeploymentPostprocessing = 0;
		};
		7DDC60E51D65D86500AE30D2 /* Resources */ = {
			isa = PBXResourcesBuildPhase;
			buildActionMask = 2147483647;
			files = (
			);
			runOnlyForDeploymentPostprocessing = 0;
		};
/* End PBXResourcesBuildPhase section */

/* Begin PBXSourcesBuildPhase section */
		7DDC60C51D65D86400AE30D2 /* Sources */ = {
			isa = PBXSourcesBuildPhase;
			buildActionMask = 2147483647;
			files = (
				7DDC60CE1D65D86500AE30D2 /* ViewController.swift in Sources */,
				7DDC60CC1D65D86500AE30D2 /* AppDelegate.swift in Sources */,
			);
			runOnlyForDeploymentPostprocessing = 0;
		};
		7DDC60D81D65D86500AE30D2 /* Sources */ = {
			isa = PBXSourcesBuildPhase;
			buildActionMask = 2147483647;
			files = (
				7DDC60E11D65D86500AE30D2 /* TimerTests.swift in Sources */,
			);
			runOnlyForDeploymentPostprocessing = 0;
		};
		7DDC60E31D65D86500AE30D2 /* Sources */ = {
			isa = PBXSourcesBuildPhase;
			buildActionMask = 2147483647;
			files = (
				7DDC60EC1D65D86500AE30D2 /* TimerUITests.swift in Sources */,
			);
			runOnlyForDeploymentPostprocessing = 0;
		};
/* End PBXSourcesBuildPhase section */

/* Begin PBXTargetDependency section */
		7DDC60DE1D65D86500AE30D2 /* PBXTargetDependency */ = {
			isa = PBXTargetDependency;
			target = 7DDC60C81D65D86400AE30D2 /* Timer */;
			targetProxy = 7DDC60DD1D65D86500AE30D2 /* PBXContainerItemProxy */;
		};
		7DDC60E91D65D86500AE30D2 /* PBXTargetDependency */ = {
			isa = PBXTargetDependency;
			target = 7DDC60C81D65D86400AE30D2 /* Timer */;
			targetProxy = 7DDC60E81D65D86500AE30D2 /* PBXContainerItemProxy */;
		};
/* End PBXTargetDependency section */

/* Begin PBXVariantGroup section */
		7DDC60CF1D65D86500AE30D2 /* Main.storyboard */ = {
			isa = PBXVariantGroup;
			children = (
				7DDC60D01D65D86500AE30D2 /* Base */,
			);
			name = Main.storyboard;
			sourceTree = "<group>";
		};
		7DDC60D41D65D86500AE30D2 /* LaunchScreen.storyboard */ = {
			isa = PBXVariantGroup;
			children = (
				7DDC60D51D65D86500AE30D2 /* Base */,
			);
			name = LaunchScreen.storyboard;
			sourceTree = "<group>";
		};
/* End PBXVariantGroup section */

/* Begin XCBuildConfiguration section */
		7DC7943C1D5C6800007E352C /* Debug */ = {
			isa = XCBuildConfiguration;
			buildSettings = {
				ALWAYS_SEARCH_USER_PATHS = NO;
				CLANG_ANALYZER_NONNULL = YES;
				CLANG_CXX_LANGUAGE_STANDARD = "gnu++0x";
				CLANG_CXX_LIBRARY = "libc++";
				CLANG_ENABLE_MODULES = YES;
				CLANG_ENABLE_OBJC_ARC = YES;
				CLANG_WARN_BOOL_CONVERSION = YES;
				CLANG_WARN_CONSTANT_CONVERSION = YES;
				CLANG_WARN_DIRECT_OBJC_ISA_USAGE = YES_ERROR;
				CLANG_WARN_EMPTY_BODY = YES;
				CLANG_WARN_ENUM_CONVERSION = YES;
				CLANG_WARN_INT_CONVERSION = YES;
				CLANG_WARN_OBJC_ROOT_CLASS = YES_ERROR;
				CLANG_WARN_UNREACHABLE_CODE = YES;
				CLANG_WARN__DUPLICATE_METHOD_MATCH = YES;
				"CODE_SIGN_IDENTITY[sdk=iphoneos*]" = "iPhone Developer";
				COPY_PHASE_STRIP = NO;
				DEBUG_INFORMATION_FORMAT = dwarf;
				ENABLE_STRICT_OBJC_MSGSEND = YES;
				ENABLE_TESTABILITY = YES;
				GCC_C_LANGUAGE_STANDARD = gnu99;
				GCC_DYNAMIC_NO_PIC = NO;
				GCC_NO_COMMON_BLOCKS = YES;
				GCC_OPTIMIZATION_LEVEL = 0;
				GCC_PREPROCESSOR_DEFINITIONS = (
					"DEBUG=1",
					"$(inherited)",
				);
				GCC_WARN_64_TO_32_BIT_CONVERSION = YES;
				GCC_WARN_ABOUT_RETURN_TYPE = YES_ERROR;
				GCC_WARN_UNDECLARED_SELECTOR = YES;
				GCC_WARN_UNINITIALIZED_AUTOS = YES_AGGRESSIVE;
				GCC_WARN_UNUSED_FUNCTION = YES;
				GCC_WARN_UNUSED_VARIABLE = YES;
				IPHONEOS_DEPLOYMENT_TARGET = 9.3;
				MTL_ENABLE_DEBUG_INFO = YES;
				ONLY_ACTIVE_ARCH = YES;
				SDKROOT = iphoneos;
				SWIFT_OPTIMIZATION_LEVEL = "-Onone";
			};
			name = Debug;
		};
		7DC7943D1D5C6800007E352C /* Release */ = {
			isa = XCBuildConfiguration;
			buildSettings = {
				ALWAYS_SEARCH_USER_PATHS = NO;
				CLANG_ANALYZER_NONNULL = YES;
				CLANG_CXX_LANGUAGE_STANDARD = "gnu++0x";
				CLANG_CXX_LIBRARY = "libc++";
				CLANG_ENABLE_MODULES = YES;
				CLANG_ENABLE_OBJC_ARC = YES;
				CLANG_WARN_BOOL_CONVERSION = YES;
				CLANG_WARN_CONSTANT_CONVERSION = YES;
				CLANG_WARN_DIRECT_OBJC_ISA_USAGE = YES_ERROR;
				CLANG_WARN_EMPTY_BODY = YES;
				CLANG_WARN_ENUM_CONVERSION = YES;
				CLANG_WARN_INT_CONVERSION = YES;
				CLANG_WARN_OBJC_ROOT_CLASS = YES_ERROR;
				CLANG_WARN_UNREACHABLE_CODE = YES;
				CLANG_WARN__DUPLICATE_METHOD_MATCH = YES;
				"CODE_SIGN_IDENTITY[sdk=iphoneos*]" = "iPhone Developer";
				COPY_PHASE_STRIP = NO;
				DEBUG_INFORMATION_FORMAT = "dwarf-with-dsym";
				ENABLE_NS_ASSERTIONS = NO;
				ENABLE_STRICT_OBJC_MSGSEND = YES;
				GCC_C_LANGUAGE_STANDARD = gnu99;
				GCC_NO_COMMON_BLOCKS = YES;
				GCC_WARN_64_TO_32_BIT_CONVERSION = YES;
				GCC_WARN_ABOUT_RETURN_TYPE = YES_ERROR;
				GCC_WARN_UNDECLARED_SELECTOR = YES;
				GCC_WARN_UNINITIALIZED_AUTOS = YES_AGGRESSIVE;
				GCC_WARN_UNUSED_FUNCTION = YES;
				GCC_WARN_UNUSED_VARIABLE = YES;
				IPHONEOS_DEPLOYMENT_TARGET = 9.3;
				MTL_ENABLE_DEBUG_INFO = NO;
				SDKROOT = iphoneos;
				VALIDATE_PRODUCT = YES;
			};
			name = Release;
		};
		7DDC60EE1D65D86500AE30D2 /* Debug */ = {
			isa = XCBuildConfiguration;
			buildSettings = {
				ASSETCATALOG_COMPILER_APPICON_NAME = AppIcon;
				INFOPLIST_FILE = Timer/Info.plist;
				LD_RUNPATH_SEARCH_PATHS = "$(inherited) @executable_path/Frameworks";
				PRODUCT_BUNDLE_IDENTIFIER = cn.majinshou.Timer;
				PRODUCT_NAME = "$(TARGET_NAME)";
			};
			name = Debug;
		};
		7DDC60EF1D65D86500AE30D2 /* Release */ = {
			isa = XCBuildConfiguration;
			buildSettings = {
				ASSETCATALOG_COMPILER_APPICON_NAME = AppIcon;
				INFOPLIST_FILE = Timer/Info.plist;
				LD_RUNPATH_SEARCH_PATHS = "$(inherited) @executable_path/Frameworks";
				PRODUCT_BUNDLE_IDENTIFIER = cn.majinshou.Timer;
				PRODUCT_NAME = "$(TARGET_NAME)";
			};
			name = Release;
		};
		7DDC60F01D65D86500AE30D2 /* Debug */ = {
			isa = XCBuildConfiguration;
			buildSettings = {
				BUNDLE_LOADER = "$(TEST_HOST)";
				INFOPLIST_FILE = TimerTests/Info.plist;
				LD_RUNPATH_SEARCH_PATHS = "$(inherited) @executable_path/Frameworks @loader_path/Frameworks";
				PRODUCT_BUNDLE_IDENTIFIER = cn.majinshou.TimerTests;
				PRODUCT_NAME = "$(TARGET_NAME)";
				TEST_HOST = "$(BUILT_PRODUCTS_DIR)/Timer.app/Timer";
			};
			name = Debug;
		};
		7DDC60F11D65D86500AE30D2 /* Release */ = {
			isa = XCBuildConfiguration;
			buildSettings = {
				BUNDLE_LOADER = "$(TEST_HOST)";
				INFOPLIST_FILE = TimerTests/Info.plist;
				LD_RUNPATH_SEARCH_PATHS = "$(inherited) @executable_path/Frameworks @loader_path/Frameworks";
				PRODUCT_BUNDLE_IDENTIFIER = cn.majinshou.TimerTests;
				PRODUCT_NAME = "$(TARGET_NAME)";
				TEST_HOST = "$(BUILT_PRODUCTS_DIR)/Timer.app/Timer";
			};
			name = Release;
		};
		7DDC60F21D65D86500AE30D2 /* Debug */ = {
			isa = XCBuildConfiguration;
			buildSettings = {
				INFOPLIST_FILE = TimerUITests/Info.plist;
				LD_RUNPATH_SEARCH_PATHS = "$(inherited) @executable_path/Frameworks @loader_path/Frameworks";
				PRODUCT_BUNDLE_IDENTIFIER = cn.majinshou.TimerUITests;
				PRODUCT_NAME = "$(TARGET_NAME)";
				TEST_TARGET_NAME = Timer;
			};
			name = Debug;
		};
		7DDC60F31D65D86500AE30D2 /* Release */ = {
			isa = XCBuildConfiguration;
			buildSettings = {
				INFOPLIST_FILE = TimerUITests/Info.plist;
				LD_RUNPATH_SEARCH_PATHS = "$(inherited) @executable_path/Frameworks @loader_path/Frameworks";
				PRODUCT_BUNDLE_IDENTIFIER = cn.majinshou.TimerUITests;
				PRODUCT_NAME = "$(TARGET_NAME)";
				TEST_TARGET_NAME = Timer;
			};
			name = Release;
		};
/* End XCBuildConfiguration section */

/* Begin XCConfigurationList section */
		7DC794111D5C67FF007E352C /* Build configuration list for PBXProject "Swift-Acttos" */ = {
			isa = XCConfigurationList;
			buildConfigurations = (
				7DC7943C1D5C6800007E352C /* Debug */,
				7DC7943D1D5C6800007E352C /* Release */,
			);
			defaultConfigurationIsVisible = 0;
			defaultConfigurationName = Release;
		};
		7DDC60F41D65D86500AE30D2 /* Build configuration list for PBXNativeTarget "Timer" */ = {
			isa = XCConfigurationList;
			buildConfigurations = (
				7DDC60EE1D65D86500AE30D2 /* Debug */,
				7DDC60EF1D65D86500AE30D2 /* Release */,
			);
			defaultConfigurationIsVisible = 0;
			defaultConfigurationName = Release;
		};
		7DDC60F51D65D86500AE30D2 /* Build configuration list for PBXNativeTarget "TimerTests" */ = {
			isa = XCConfigurationList;
			buildConfigurations = (
				7DDC60F01D65D86500AE30D2 /* Debug */,
				7DDC60F11D65D86500AE30D2 /* Release */,
			);
			defaultConfigurationIsVisible = 0;
			defaultConfigurationName = Release;
		};
		7DDC60F61D65D86500AE30D2 /* Build configuration list for PBXNativeTarget "TimerUITests" */ = {
			isa = XCConfigurationList;
			buildConfigurations = (
				7DDC60F21D65D86500AE30D2 /* Debug */,
				7DDC60F31D65D86500AE30D2 /* Release */,
			);
			defaultConfigurationIsVisible = 0;
			defaultConfigurationName = Release;
		};
/* End XCConfigurationList section */
	};
	rootObject = 7DC7940E1D5C67FF007E352C /* Project object */;
}
