// !$*UTF8*$!
{
	archiveVersion = 1;
	classes = {
	};
	objectVersion = 46;
	objects = {

/* Begin PBXBuildFile section */
		7D3178921D6BF468001F2AC0 /* AppDelegate.swift in Sources */ = {isa = PBXBuildFile; fileRef = 7D3178911D6BF468001F2AC0 /* AppDelegate.swift */; };
		7D3178941D6BF468001F2AC0 /* ViewController.swift in Sources */ = {isa = PBXBuildFile; fileRef = 7D3178931D6BF468001F2AC0 /* ViewController.swift */; };
		7D3178971D6BF468001F2AC0 /* Main.storyboard in Resources */ = {isa = PBXBuildFile; fileRef = 7D3178951D6BF468001F2AC0 /* Main.storyboard */; };
		7D3178991D6BF468001F2AC0 /* Assets.xcassets in Resources */ = {isa = PBXBuildFile; fileRef = 7D3178981D6BF468001F2AC0 /* Assets.xcassets */; };
		7D31789C1D6BF468001F2AC0 /* LaunchScreen.storyboard in Resources */ = {isa = PBXBuildFile; fileRef = 7D31789A1D6BF468001F2AC0 /* LaunchScreen.storyboard */; };
		7D3178A21D6BF512001F2AC0 /* README.md in Sources */ = {isa = PBXBuildFile; fileRef = 7D3178A11D6BF512001F2AC0 /* README.md */; };
		7D3287491D803E9600B1A4A8 /* wechat@2x.png in Resources */ = {isa = PBXBuildFile; fileRef = 7D3287471D803E9600B1A4A8 /* wechat@2x.png */; };
		7D32874A1D803E9600B1A4A8 /* wechat@3x.png in Resources */ = {isa = PBXBuildFile; fileRef = 7D3287481D803E9600B1A4A8 /* wechat@3x.png */; };
		7D4EE5841D7FBABE0076C67E /* AppDelegate.swift in Sources */ = {isa = PBXBuildFile; fileRef = 7D4EE5831D7FBABE0076C67E /* AppDelegate.swift */; };
		7D4EE5861D7FBABE0076C67E /* ViewController.swift in Sources */ = {isa = PBXBuildFile; fileRef = 7D4EE5851D7FBABE0076C67E /* ViewController.swift */; };
		7D4EE5891D7FBABE0076C67E /* Main.storyboard in Resources */ = {isa = PBXBuildFile; fileRef = 7D4EE5871D7FBABE0076C67E /* Main.storyboard */; };
		7D4EE58B1D7FBABE0076C67E /* Assets.xcassets in Resources */ = {isa = PBXBuildFile; fileRef = 7D4EE58A1D7FBABE0076C67E /* Assets.xcassets */; };
		7D4EE58E1D7FBABE0076C67E /* LaunchScreen.storyboard in Resources */ = {isa = PBXBuildFile; fileRef = 7D4EE58C1D7FBABE0076C67E /* LaunchScreen.storyboard */; };
		7DC982991D8149F6000655B4 /* CollectionViewCell.swift in Sources */ = {isa = PBXBuildFile; fileRef = 7DC982981D8149F6000655B4 /* CollectionViewCell.swift */; };
		7DDC60CC1D65D86500AE30D2 /* AppDelegate.swift in Sources */ = {isa = PBXBuildFile; fileRef = 7DDC60CB1D65D86500AE30D2 /* AppDelegate.swift */; };
		7DDC60CE1D65D86500AE30D2 /* ViewController.swift in Sources */ = {isa = PBXBuildFile; fileRef = 7DDC60CD1D65D86500AE30D2 /* ViewController.swift */; };
		7DDC60D11D65D86500AE30D2 /* Main.storyboard in Resources */ = {isa = PBXBuildFile; fileRef = 7DDC60CF1D65D86500AE30D2 /* Main.storyboard */; };
		7DDC60D31D65D86500AE30D2 /* Assets.xcassets in Resources */ = {isa = PBXBuildFile; fileRef = 7DDC60D21D65D86500AE30D2 /* Assets.xcassets */; };
		7DDC60D61D65D86500AE30D2 /* LaunchScreen.storyboard in Resources */ = {isa = PBXBuildFile; fileRef = 7DDC60D41D65D86500AE30D2 /* LaunchScreen.storyboard */; };
/* End PBXBuildFile section */

/* Begin PBXFileReference section */
		7D3178911D6BF468001F2AC0 /* AppDelegate.swift */ = {isa = PBXFileReference; lastKnownFileType = sourcecode.swift; path = AppDelegate.swift; sourceTree = "<group>"; };
		7D3178931D6BF468001F2AC0 /* ViewController.swift */ = {isa = PBXFileReference; lastKnownFileType = sourcecode.swift; path = ViewController.swift; sourceTree = "<group>"; };
		7D3178961D6BF468001F2AC0 /* Base */ = {isa = PBXFileReference; lastKnownFileType = file.storyboard; name = Base; path = Base.lproj/Main.storyboard; sourceTree = "<group>"; };
		7D3178981D6BF468001F2AC0 /* Assets.xcassets */ = {isa = PBXFileReference; lastKnownFileType = folder.assetcatalog; path = Assets.xcassets; sourceTree = "<group>"; };
		7D31789B1D6BF468001F2AC0 /* Base */ = {isa = PBXFileReference; lastKnownFileType = file.storyboard; name = Base; path = Base.lproj/LaunchScreen.storyboard; sourceTree = "<group>"; };
		7D31789D1D6BF468001F2AC0 /* Info.plist */ = {isa = PBXFileReference; lastKnownFileType = text.plist.xml; path = Info.plist; sourceTree = "<group>"; };
		7D3178A11D6BF512001F2AC0 /* README.md */ = {isa = PBXFileReference; fileEncoding = 4; lastKnownFileType = net.daringfireball.markdown; path = README.md; sourceTree = "<group>"; };
		7D3178A31D6C2103001F2AC0 /* Timer.app */ = {isa = PBXFileReference; explicitFileType = wrapper.application; includeInIndex = 0; path = Timer.app; sourceTree = BUILT_PRODUCTS_DIR; };
		7D3178A41D6C2103001F2AC0 /* DeviceAuth.app */ = {isa = PBXFileReference; explicitFileType = wrapper.application; includeInIndex = 0; path = DeviceAuth.app; sourceTree = BUILT_PRODUCTS_DIR; };
		7D3287471D803E9600B1A4A8 /* wechat@2x.png */ = {isa = PBXFileReference; lastKnownFileType = image.png; path = "wechat@2x.png"; sourceTree = "<group>"; };
		7D3287481D803E9600B1A4A8 /* wechat@3x.png */ = {isa = PBXFileReference; lastKnownFileType = image.png; path = "wechat@3x.png"; sourceTree = "<group>"; };
		7D4EE5811D7FBABD0076C67E /* CollectionView.app */ = {isa = PBXFileReference; explicitFileType = wrapper.application; includeInIndex = 0; path = CollectionView.app; sourceTree = BUILT_PRODUCTS_DIR; };
		7D4EE5831D7FBABE0076C67E /* AppDelegate.swift */ = {isa = PBXFileReference; lastKnownFileType = sourcecode.swift; path = AppDelegate.swift; sourceTree = "<group>"; };
		7D4EE5851D7FBABE0076C67E /* ViewController.swift */ = {isa = PBXFileReference; lastKnownFileType = sourcecode.swift; path = ViewController.swift; sourceTree = "<group>"; };
		7D4EE5881D7FBABE0076C67E /* Base */ = {isa = PBXFileReference; lastKnownFileType = file.storyboard; name = Base; path = Base.lproj/Main.storyboard; sourceTree = "<group>"; };
		7D4EE58A1D7FBABE0076C67E /* Assets.xcassets */ = {isa = PBXFileReference; lastKnownFileType = folder.assetcatalog; path = Assets.xcassets; sourceTree = "<group>"; };
		7D4EE58D1D7FBABE0076C67E /* Base */ = {isa = PBXFileReference; lastKnownFileType = file.storyboard; name = Base; path = Base.lproj/LaunchScreen.storyboard; sourceTree = "<group>"; };
		7D4EE58F1D7FBABE0076C67E /* Info.plist */ = {isa = PBXFileReference; lastKnownFileType = text.plist.xml; path = Info.plist; sourceTree = "<group>"; };
		7DC982981D8149F6000655B4 /* CollectionViewCell.swift */ = {isa = PBXFileReference; fileEncoding = 4; lastKnownFileType = sourcecode.swift; path = CollectionViewCell.swift; sourceTree = "<group>"; };
		7DDC60CB1D65D86500AE30D2 /* AppDelegate.swift */ = {isa = PBXFileReference; lastKnownFileType = sourcecode.swift; path = AppDelegate.swift; sourceTree = "<group>"; };
		7DDC60CD1D65D86500AE30D2 /* ViewController.swift */ = {isa = PBXFileReference; lastKnownFileType = sourcecode.swift; path = ViewController.swift; sourceTree = "<group>"; };
		7DDC60D01D65D86500AE30D2 /* Base */ = {isa = PBXFileReference; lastKnownFileType = file.storyboard; name = Base; path = Base.lproj/Main.storyboard; sourceTree = "<group>"; };
		7DDC60D21D65D86500AE30D2 /* Assets.xcassets */ = {isa = PBXFileReference; lastKnownFileType = folder.assetcatalog; path = Assets.xcassets; sourceTree = "<group>"; };
		7DDC60D51D65D86500AE30D2 /* Base */ = {isa = PBXFileReference; lastKnownFileType = file.storyboard; name = Base; path = Base.lproj/LaunchScreen.storyboard; sourceTree = "<group>"; };
		7DDC60D71D65D86500AE30D2 /* Info.plist */ = {isa = PBXFileReference; lastKnownFileType = text.plist.xml; path = Info.plist; sourceTree = "<group>"; };
/* End PBXFileReference section */

/* Begin PBXFrameworksBuildPhase section */
		7D31788C1D6BF468001F2AC0 /* Frameworks */ = {
			isa = PBXFrameworksBuildPhase;
			buildActionMask = 2147483647;
			files = (
			);
			runOnlyForDeploymentPostprocessing = 0;
		};
		7D4EE57E1D7FBABD0076C67E /* Frameworks */ = {
			isa = PBXFrameworksBuildPhase;
			buildActionMask = 2147483647;
			files = (
			);
			runOnlyForDeploymentPostprocessing = 0;
		};
		7DDC60C61D65D86400AE30D2 /* Frameworks */ = {
			isa = PBXFrameworksBuildPhase;
			buildActionMask = 2147483647;
			files = (
			);
			runOnlyForDeploymentPostprocessing = 0;
		};
/* End PBXFrameworksBuildPhase section */

/* Begin PBXGroup section */
		7D3178901D6BF468001F2AC0 /* DeviceAuth */ = {
			isa = PBXGroup;
			children = (
				7D3178911D6BF468001F2AC0 /* AppDelegate.swift */,
				7D3178931D6BF468001F2AC0 /* ViewController.swift */,
				7D3178951D6BF468001F2AC0 /* Main.storyboard */,
				7D3178981D6BF468001F2AC0 /* Assets.xcassets */,
				7D31789A1D6BF468001F2AC0 /* LaunchScreen.storyboard */,
				7D31789D1D6BF468001F2AC0 /* Info.plist */,
			);
			path = DeviceAuth;
			sourceTree = "<group>";
		};
		7D3287461D803E9600B1A4A8 /* images */ = {
			isa = PBXGroup;
			children = (
				7D3287471D803E9600B1A4A8 /* wechat@2x.png */,
				7D3287481D803E9600B1A4A8 /* wechat@3x.png */,
			);
			path = images;
			sourceTree = "<group>";
		};
		7D4EE5821D7FBABD0076C67E /* CollectionView */ = {
			isa = PBXGroup;
			children = (
				7D4EE5831D7FBABE0076C67E /* AppDelegate.swift */,
				7D4EE5851D7FBABE0076C67E /* ViewController.swift */,
				7DC982981D8149F6000655B4 /* CollectionViewCell.swift */,
				7D4EE5871D7FBABE0076C67E /* Main.storyboard */,
				7D4EE58A1D7FBABE0076C67E /* Assets.xcassets */,
				7D3287461D803E9600B1A4A8 /* images */,
				7D4EE58C1D7FBABE0076C67E /* LaunchScreen.storyboard */,
				7D4EE58F1D7FBABE0076C67E /* Info.plist */,
			);
			path = CollectionView;
			sourceTree = "<group>";
		};
		7DC7940D1D5C67FF007E352C = {
			isa = PBXGroup;
			children = (
				7DDC60CA1D65D86500AE30D2 /* Timer */,
				7D3178901D6BF468001F2AC0 /* DeviceAuth */,
				7D3178A31D6C2103001F2AC0 /* Timer.app */,
				7D3178A41D6C2103001F2AC0 /* DeviceAuth.app */,
				7D4EE5811D7FBABD0076C67E /* CollectionView.app */,
				7D4EE5821D7FBABD0076C67E /* CollectionView */,
			);
			sourceTree = "<group>";
		};
		7DDC60CA1D65D86500AE30D2 /* Timer */ = {
			isa = PBXGroup;
			children = (
				7DDC60CB1D65D86500AE30D2 /* AppDelegate.swift */,
				7DDC60CD1D65D86500AE30D2 /* ViewController.swift */,
				7DDC60CF1D65D86500AE30D2 /* Main.storyboard */,
				7DDC60D21D65D86500AE30D2 /* Assets.xcassets */,
				7DDC60D41D65D86500AE30D2 /* LaunchScreen.storyboard */,
				7DDC60D71D65D86500AE30D2 /* Info.plist */,
				7D3178A11D6BF512001F2AC0 /* README.md */,
			);
			path = Timer;
			sourceTree = "<group>";
		};
/* End PBXGroup section */

/* Begin PBXNativeTarget section */
		7D31788E1D6BF468001F2AC0 /* DeviceAuth */ = {
			isa = PBXNativeTarget;
			buildConfigurationList = 7D31789E1D6BF468001F2AC0 /* Build configuration list for PBXNativeTarget "DeviceAuth" */;
			buildPhases = (
				7D31788B1D6BF468001F2AC0 /* Sources */,
				7D31788C1D6BF468001F2AC0 /* Frameworks */,
				7D31788D1D6BF468001F2AC0 /* Resources */,
			);
			buildRules = (
			);
			dependencies = (
			);
			name = DeviceAuth;
			productName = DeviceAuth;
			productReference = 7D3178A41D6C2103001F2AC0 /* DeviceAuth.app */;
			productType = "com.apple.product-type.application";
		};
		7D4EE5801D7FBABD0076C67E /* CollectionView */ = {
			isa = PBXNativeTarget;
			buildConfigurationList = 7D4EE5921D7FBABE0076C67E /* Build configuration list for PBXNativeTarget "CollectionView" */;
			buildPhases = (
				7D4EE57D1D7FBABD0076C67E /* Sources */,
				7D4EE57E1D7FBABD0076C67E /* Frameworks */,
				7D4EE57F1D7FBABD0076C67E /* Resources */,
			);
			buildRules = (
			);
			dependencies = (
			);
			name = CollectionView;
			productName = CollectionView;
			productReference = 7D4EE5811D7FBABD0076C67E /* CollectionView.app */;
			productType = "com.apple.product-type.application";
		};
		7DDC60C81D65D86400AE30D2 /* Timer */ = {
			isa = PBXNativeTarget;
			buildConfigurationList = 7DDC60F41D65D86500AE30D2 /* Build configuration list for PBXNativeTarget "Timer" */;
			buildPhases = (
				7DDC60C51D65D86400AE30D2 /* Sources */,
				7DDC60C61D65D86400AE30D2 /* Frameworks */,
				7DDC60C71D65D86400AE30D2 /* Resources */,
			);
			buildRules = (
			);
			dependencies = (
			);
			name = Timer;
			productName = Timer;
			productReference = 7D3178A31D6C2103001F2AC0 /* Timer.app */;
			productType = "com.apple.product-type.application";
		};
/* End PBXNativeTarget section */

/* Begin PBXProject section */
		7DC7940E1D5C67FF007E352C /* Project object */ = {
			isa = PBXProject;
			attributes = {
				LastSwiftUpdateCheck = 0730;
				LastUpgradeCheck = 0730;
				ORGANIZATIONNAME = Acttos.org;
				TargetAttributes = {
					7D31788E1D6BF468001F2AC0 = {
						CreatedOnToolsVersion = 7.3.1;
						DevelopmentTeam = AXTCK4AA86;
						LastSwiftMigration = 0800;
					};
					7D4EE5801D7FBABD0076C67E = {
						CreatedOnToolsVersion = 7.3.1;
						DevelopmentTeam = AXTCK4AA86;
						LastSwiftMigration = 0800;
					};
					7DDC60C81D65D86400AE30D2 = {
						CreatedOnToolsVersion = 7.3.1;
						DevelopmentTeam = AXTCK4AA86;
						LastSwiftMigration = 0800;
					};
				};
			};
			buildConfigurationList = 7DC794111D5C67FF007E352C /* Build configuration list for PBXProject "Swift-Acttos" */;
			compatibilityVersion = "Xcode 3.2";
			developmentRegion = English;
			hasScannedForEncodings = 0;
			knownRegions = (
				en,
				Base,
			);
			mainGroup = 7DC7940D1D5C67FF007E352C;
			productRefGroup = 7DC7940D1D5C67FF007E352C;
			projectDirPath = "";
			projectRoot = "";
			targets = (
				7DDC60C81D65D86400AE30D2 /* Timer */,
				7D31788E1D6BF468001F2AC0 /* DeviceAuth */,
				7D4EE5801D7FBABD0076C67E /* CollectionView */,
			);
		};
/* End PBXProject section */

/* Begin PBXResourcesBuildPhase section */
		7D31788D1D6BF468001F2AC0 /* Resources */ = {
			isa = PBXResourcesBuildPhase;
			buildActionMask = 2147483647;
			files = (
				7D31789C1D6BF468001F2AC0 /* LaunchScreen.storyboard in Resources */,
				7D3178991D6BF468001F2AC0 /* Assets.xcassets in Resources */,
				7D3178971D6BF468001F2AC0 /* Main.storyboard in Resources */,
			);
			runOnlyForDeploymentPostprocessing = 0;
		};
		7D4EE57F1D7FBABD0076C67E /* Resources */ = {
			isa = PBXResourcesBuildPhase;
			buildActionMask = 2147483647;
			files = (
				7D4EE58E1D7FBABE0076C67E /* LaunchScreen.storyboard in Resources */,
				7D4EE58B1D7FBABE0076C67E /* Assets.xcassets in Resources */,
				7D3287491D803E9600B1A4A8 /* wechat@2x.png in Resources */,
				7D4EE5891D7FBABE0076C67E /* Main.storyboard in Resources */,
				7D32874A1D803E9600B1A4A8 /* wechat@3x.png in Resources */,
			);
			runOnlyForDeploymentPostprocessing = 0;
		};
		7DDC60C71D65D86400AE30D2 /* Resources */ = {
			isa = PBXResourcesBuildPhase;
			buildActionMask = 2147483647;
			files = (
				7DDC60D61D65D86500AE30D2 /* LaunchScreen.storyboard in Resources */,
				7DDC60D31D65D86500AE30D2 /* Assets.xcassets in Resources */,
				7DDC60D11D65D86500AE30D2 /* Main.storyboard in Resources */,
			);
			runOnlyForDeploymentPostprocessing = 0;
		};
/* End PBXResourcesBuildPhase section */

/* Begin PBXSourcesBuildPhase section */
		7D31788B1D6BF468001F2AC0 /* Sources */ = {
			isa = PBXSourcesBuildPhase;
			buildActionMask = 2147483647;
			files = (
				7D3178941D6BF468001F2AC0 /* ViewController.swift in Sources */,
				7D3178921D6BF468001F2AC0 /* AppDelegate.swift in Sources */,
			);
			runOnlyForDeploymentPostprocessing = 0;
		};
		7D4EE57D1D7FBABD0076C67E /* Sources */ = {
			isa = PBXSourcesBuildPhase;
			buildActionMask = 2147483647;
			files = (
				7D4EE5861D7FBABE0076C67E /* ViewController.swift in Sources */,
				7D4EE5841D7FBABE0076C67E /* AppDelegate.swift in Sources */,
				7DC982991D8149F6000655B4 /* CollectionViewCell.swift in Sources */,
			);
			runOnlyForDeploymentPostprocessing = 0;
		};
		7DDC60C51D65D86400AE30D2 /* Sources */ = {
			isa = PBXSourcesBuildPhase;
			buildActionMask = 2147483647;
			files = (
				7D3178A21D6BF512001F2AC0 /* README.md in Sources */,
				7DDC60CE1D65D86500AE30D2 /* ViewController.swift in Sources */,
				7DDC60CC1D65D86500AE30D2 /* AppDelegate.swift in Sources */,
			);
			runOnlyForDeploymentPostprocessing = 0;
		};
/* End PBXSourcesBuildPhase section */

/* Begin PBXVariantGroup section */
		7D3178951D6BF468001F2AC0 /* Main.storyboard */ = {
			isa = PBXVariantGroup;
			children = (
				7D3178961D6BF468001F2AC0 /* Base */,
			);
			name = Main.storyboard;
			sourceTree = "<group>";
		};
		7D31789A1D6BF468001F2AC0 /* LaunchScreen.storyboard */ = {
			isa = PBXVariantGroup;
			children = (
				7D31789B1D6BF468001F2AC0 /* Base */,
			);
			name = LaunchScreen.storyboard;
			sourceTree = "<group>";
		};
		7D4EE5871D7FBABE0076C67E /* Main.storyboard */ = {
			isa = PBXVariantGroup;
			children = (
				7D4EE5881D7FBABE0076C67E /* Base */,
			);
			name = Main.storyboard;
			sourceTree = "<group>";
		};
		7D4EE58C1D7FBABE0076C67E /* LaunchScreen.storyboard */ = {
			isa = PBXVariantGroup;
			children = (
				7D4EE58D1D7FBABE0076C67E /* Base */,
			);
			name = LaunchScreen.storyboard;
			sourceTree = "<group>";
		};
		7DDC60CF1D65D86500AE30D2 /* Main.storyboard */ = {
			isa = PBXVariantGroup;
			children = (
				7DDC60D01D65D86500AE30D2 /* Base */,
			);
			name = Main.storyboard;
			sourceTree = "<group>";
		};
		7DDC60D41D65D86500AE30D2 /* LaunchScreen.storyboard */ = {
			isa = PBXVariantGroup;
			children = (
				7DDC60D51D65D86500AE30D2 /* Base */,
			);
			name = LaunchScreen.storyboard;
			sourceTree = "<group>";
		};
/* End PBXVariantGroup section */

/* Begin XCBuildConfiguration section */
		7D31789F1D6BF468001F2AC0 /* Debug */ = {
			isa = XCBuildConfiguration;
			buildSettings = {
				ASSETCATALOG_COMPILER_APPICON_NAME = AppIcon;
				INFOPLIST_FILE = DeviceAuth/Info.plist;
				LD_RUNPATH_SEARCH_PATHS = "$(inherited) @executable_path/Frameworks";
				PRODUCT_BUNDLE_IDENTIFIER = cn.majinshou.acttos.DeviceAuth;
				PRODUCT_NAME = "$(TARGET_NAME)";
				SWIFT_VERSION = 3.0;
			};
			name = Debug;
		};
		7D3178A01D6BF468001F2AC0 /* Release */ = {
			isa = XCBuildConfiguration;
			buildSettings = {
				ASSETCATALOG_COMPILER_APPICON_NAME = AppIcon;
				INFOPLIST_FILE = DeviceAuth/Info.plist;
				LD_RUNPATH_SEARCH_PATHS = "$(inherited) @executable_path/Frameworks";
				PRODUCT_BUNDLE_IDENTIFIER = cn.majinshou.acttos.DeviceAuth;
				PRODUCT_NAME = "$(TARGET_NAME)";
				SWIFT_VERSION = 3.0;
			};
			name = Release;
		};
		7D4EE5901D7FBABE0076C67E /* Debug */ = {
			isa = XCBuildConfiguration;
			buildSettings = {
				ASSETCATALOG_COMPILER_APPICON_NAME = AppIcon;
				INFOPLIST_FILE = CollectionView/Info.plist;
				LD_RUNPATH_SEARCH_PATHS = "$(inherited) @executable_path/Frameworks";
				PRODUCT_BUNDLE_IDENTIFIER = cn.majinshou.acttos.CollectionView;
				PRODUCT_NAME = "$(TARGET_NAME)";
				SWIFT_VERSION = 3.0;
			};
			name = Debug;
		};
		7D4EE5911D7FBABE0076C67E /* Release */ = {
			isa = XCBuildConfiguration;
			buildSettings = {
				ASSETCATALOG_COMPILER_APPICON_NAME = AppIcon;
				INFOPLIST_FILE = CollectionView/Info.plist;
				LD_RUNPATH_SEARCH_PATHS = "$(inherited) @executable_path/Frameworks";
				PRODUCT_BUNDLE_IDENTIFIER = cn.majinshou.acttos.CollectionView;
				PRODUCT_NAME = "$(TARGET_NAME)";
				SWIFT_VERSION = 3.0;
			};
			name = Release;
		};
		7DC7943C1D5C6800007E352C /* Debug */ = {
			isa = XCBuildConfiguration;
			buildSettings = {
				ALWAYS_SEARCH_USER_PATHS = NO;
				CLANG_ANALYZER_NONNULL = YES;
				CLANG_CXX_LANGUAGE_STANDARD = "gnu++0x";
				CLANG_CXX_LIBRARY = "libc++";
				CLANG_ENABLE_MODULES = YES;
				CLANG_ENABLE_OBJC_ARC = YES;
				CLANG_WARN_BOOL_CONVERSION = YES;
				CLANG_WARN_CONSTANT_CONVERSION = YES;
				CLANG_WARN_DIRECT_OBJC_ISA_USAGE = YES_ERROR;
				CLANG_WARN_EMPTY_BODY = YES;
				CLANG_WARN_ENUM_CONVERSION = YES;
				CLANG_WARN_INT_CONVERSION = YES;
				CLANG_WARN_OBJC_ROOT_CLASS = YES_ERROR;
				CLANG_WARN_UNREACHABLE_CODE = YES;
				CLANG_WARN__DUPLICATE_METHOD_MATCH = YES;
				"CODE_SIGN_IDENTITY[sdk=iphoneos*]" = "iPhone Developer";
				COPY_PHASE_STRIP = NO;
				DEBUG_INFORMATION_FORMAT = dwarf;
				ENABLE_STRICT_OBJC_MSGSEND = YES;
				ENABLE_TESTABILITY = YES;
				GCC_C_LANGUAGE_STANDARD = gnu99;
				GCC_DYNAMIC_NO_PIC = NO;
				GCC_NO_COMMON_BLOCKS = YES;
				GCC_OPTIMIZATION_LEVEL = 0;
				GCC_PREPROCESSOR_DEFINITIONS = (
					"DEBUG=1",
					"$(inherited)",
				);
				GCC_WARN_64_TO_32_BIT_CONVERSION = YES;
				GCC_WARN_ABOUT_RETURN_TYPE = YES_ERROR;
				GCC_WARN_UNDECLARED_SELECTOR = YES;
				GCC_WARN_UNINITIALIZED_AUTOS = YES_AGGRESSIVE;
				GCC_WARN_UNUSED_FUNCTION = YES;
				GCC_WARN_UNUSED_VARIABLE = YES;
				IPHONEOS_DEPLOYMENT_TARGET = 9.3;
				MTL_ENABLE_DEBUG_INFO = YES;
				ONLY_ACTIVE_ARCH = YES;
				SDKROOT = iphoneos;
				SWIFT_OPTIMIZATION_LEVEL = "-Onone";
			};
			name = Debug;
		};
		7DC7943D1D5C6800007E352C /* Release */ = {
			isa = XCBuildConfiguration;
			buildSettings = {
				ALWAYS_SEARCH_USER_PATHS = NO;
				CLANG_ANALYZER_NONNULL = YES;
				CLANG_CXX_LANGUAGE_STANDARD = "gnu++0x";
				CLANG_CXX_LIBRARY = "libc++";
				CLANG_ENABLE_MODULES = YES;
				CLANG_ENABLE_OBJC_ARC = YES;
				CLANG_WARN_BOOL_CONVERSION = YES;
				CLANG_WARN_CONSTANT_CONVERSION = YES;
				CLANG_WARN_DIRECT_OBJC_ISA_USAGE = YES_ERROR;
				CLANG_WARN_EMPTY_BODY = YES;
				CLANG_WARN_ENUM_CONVERSION = YES;
				CLANG_WARN_INT_CONVERSION = YES;
				CLANG_WARN_OBJC_ROOT_CLASS = YES_ERROR;
				CLANG_WARN_UNREACHABLE_CODE = YES;
				CLANG_WARN__DUPLICATE_METHOD_MATCH = YES;
				"CODE_SIGN_IDENTITY[sdk=iphoneos*]" = "iPhone Developer";
				COPY_PHASE_STRIP = NO;
				DEBUG_INFORMATION_FORMAT = "dwarf-with-dsym";
				ENABLE_NS_ASSERTIONS = NO;
				ENABLE_STRICT_OBJC_MSGSEND = YES;
				GCC_C_LANGUAGE_STANDARD = gnu99;
				GCC_NO_COMMON_BLOCKS = YES;
				GCC_WARN_64_TO_32_BIT_CONVERSION = YES;
				GCC_WARN_ABOUT_RETURN_TYPE = YES_ERROR;
				GCC_WARN_UNDECLARED_SELECTOR = YES;
				GCC_WARN_UNINITIALIZED_AUTOS = YES_AGGRESSIVE;
				GCC_WARN_UNUSED_FUNCTION = YES;
				GCC_WARN_UNUSED_VARIABLE = YES;
				IPHONEOS_DEPLOYMENT_TARGET = 9.3;
				MTL_ENABLE_DEBUG_INFO = NO;
				SDKROOT = iphoneos;
				VALIDATE_PRODUCT = YES;
			};
			name = Release;
		};
		7DDC60EE1D65D86500AE30D2 /* Debug */ = {
			isa = XCBuildConfiguration;
			buildSettings = {
				ASSETCATALOG_COMPILER_APPICON_NAME = AppIcon;
				INFOPLIST_FILE = Timer/Info.plist;
				LD_RUNPATH_SEARCH_PATHS = "$(inherited) @executable_path/Frameworks";
				PRODUCT_BUNDLE_IDENTIFIER = cn.majinshou.acttos.Timer;
				PRODUCT_NAME = "$(TARGET_NAME)";
				SWIFT_VERSION = 3.0;
			};
			name = Debug;
		};
		7DDC60EF1D65D86500AE30D2 /* Release */ = {
			isa = XCBuildConfiguration;
			buildSettings = {
				ASSETCATALOG_COMPILER_APPICON_NAME = AppIcon;
				INFOPLIST_FILE = Timer/Info.plist;
				LD_RUNPATH_SEARCH_PATHS = "$(inherited) @executable_path/Frameworks";
				PRODUCT_BUNDLE_IDENTIFIER = cn.majinshou.acttos.Timer;
				PRODUCT_NAME = "$(TARGET_NAME)";
				SWIFT_VERSION = 3.0;
			};
			name = Release;
		};
/* End XCBuildConfiguration section */

/* Begin XCConfigurationList section */
		7D31789E1D6BF468001F2AC0 /* Build configuration list for PBXNativeTarget "DeviceAuth" */ = {
			isa = XCConfigurationList;
			buildConfigurations = (
				7D31789F1D6BF468001F2AC0 /* Debug */,
				7D3178A01D6BF468001F2AC0 /* Release */,
			);
			defaultConfigurationIsVisible = 0;
			defaultConfigurationName = Release;
		};
		7D4EE5921D7FBABE0076C67E /* Build configuration list for PBXNativeTarget "CollectionView" */ = {
			isa = XCConfigurationList;
			buildConfigurations = (
				7D4EE5901D7FBABE0076C67E /* Debug */,
				7D4EE5911D7FBABE0076C67E /* Release */,
			);
			defaultConfigurationIsVisible = 0;
			defaultConfigurationName = Release;
		};
		7DC794111D5C67FF007E352C /* Build configuration list for PBXProject "Swift-Acttos" */ = {
			isa = XCConfigurationList;
			buildConfigurations = (
				7DC7943C1D5C6800007E352C /* Debug */,
				7DC7943D1D5C6800007E352C /* Release */,
			);
			defaultConfigurationIsVisible = 0;
			defaultConfigurationName = Release;
		};
		7DDC60F41D65D86500AE30D2 /* Build configuration list for PBXNativeTarget "Timer" */ = {
			isa = XCConfigurationList;
			buildConfigurations = (
				7DDC60EE1D65D86500AE30D2 /* Debug */,
				7DDC60EF1D65D86500AE30D2 /* Release */,
			);
			defaultConfigurationIsVisible = 0;
			defaultConfigurationName = Release;
		};
/* End XCConfigurationList section */
	};
	rootObject = 7DC7940E1D5C67FF007E352C /* Project object */;
}
